{"version":4,"terraform_version":"1.10.6","serial":55,"lineage":"d0c2035c-59ba-24f4-14e4-ac585dbfa705","outputs":{"azs_used":{"value":{"a":"us-east-1a","b":"us-east-1b"},"type":["object",{"a":"string","b":"string"}]},"private_subnet":{"value":["subnet-042844248cbc6003d","subnet-071807acaf986834e"],"type":["tuple",["string","string"]]},"vpc_id":{"value":"vpc-0a82dbbce15250eb2","type":"string"}},"resources":[{"module":"module.compute","mode":"data","type":"aws_ssm_parameter","name":"al2023","provider":"provider[\"registry.opentofu.org/hashicorp/aws\"]","instances":[{"schema_version":0,"attributes":{"arn":"arn:aws:ssm:us-east-1::parameter/aws/service/ami-amazon-linux-latest/al2023-ami-kernel-6.1-x86_64","id":"/aws/service/ami-amazon-linux-latest/al2023-ami-kernel-6.1-x86_64","insecure_value":"ami-00ca32bbc84273381","name":"/aws/service/ami-amazon-linux-latest/al2023-ami-kernel-6.1-x86_64","region":"us-east-1","type":"String","value":"ami-00ca32bbc84273381","version":128,"with_decryption":true},"sensitive_attributes":[]}]},{"module":"module.compute","mode":"data","type":"aws_ssm_parameter","name":"win2019","provider":"provider[\"registry.opentofu.org/hashicorp/aws\"]","instances":[{"schema_version":0,"attributes":{"arn":"arn:aws:ssm:us-east-1::parameter/aws/service/ami-windows-latest/Windows_Server-2019-English-Full-Base","id":"/aws/service/ami-windows-latest/Windows_Server-2019-English-Full-Base","insecure_value":"ami-043cf96255cd85b98","name":"/aws/service/ami-windows-latest/Windows_Server-2019-English-Full-Base","region":"us-east-1","type":"String","value":"ami-043cf96255cd85b98","version":93,"with_decryption":true},"sensitive_attributes":[]}]},{"module":"module.compute","mode":"managed","type":"aws_instance","name":"jmccoytesting_ec2_linux","provider":"provider[\"registry.opentofu.org/hashicorp/aws\"]","instances":[{"schema_version":2,"attributes":{"ami":"ami-00ca32bbc84273381","arn":"arn:aws:ec2:us-east-1:340752798936:instance/i-096e141a35f511a15","associate_public_ip_address":false,"availability_zone":"us-east-1a","capacity_reservation_specification":[{"capacity_reservation_preference":"open","capacity_reservation_target":[]}],"cpu_options":[{"amd_sev_snp":"","core_count":1,"threads_per_core":2}],"credit_specification":[{"cpu_credits":"unlimited"}],"disable_api_stop":false,"disable_api_termination":false,"ebs_block_device":[],"ebs_optimized":false,"enable_primary_ipv6":null,"enclave_options":[{"enabled":false}],"ephemeral_block_device":[],"force_destroy":false,"get_password_data":false,"hibernation":false,"host_id":"","host_resource_group_arn":null,"iam_instance_profile":"jmccoyssm","id":"i-096e141a35f511a15","instance_initiated_shutdown_behavior":"stop","instance_lifecycle":"","instance_market_options":[],"instance_state":"running","instance_type":"t3.medium","ipv6_address_count":0,"ipv6_addresses":[],"key_name":"jmccoytest","launch_template":[],"maintenance_options":[{"auto_recovery":"default"}],"metadata_options":[{"http_endpoint":"enabled","http_protocol_ipv6":"disabled","http_put_response_hop_limit":2,"http_tokens":"required","instance_metadata_tags":"disabled"}],"monitoring":false,"network_interface":[],"outpost_arn":"","password_data":"","placement_group":"","placement_group_id":"","placement_partition_number":0,"primary_network_interface":[{"delete_on_termination":true,"network_interface_id":"eni-0687cc32b95233dd2"}],"primary_network_interface_id":"eni-0687cc32b95233dd2","private_dns":"ip-10-67-1-253.ec2.internal","private_dns_name_options":[{"enable_resource_name_dns_a_record":false,"enable_resource_name_dns_aaaa_record":false,"hostname_type":"ip-name"}],"private_ip":"10.67.1.253","public_dns":"","public_ip":"","region":"us-east-1","root_block_device":[{"delete_on_termination":true,"device_name":"/dev/xvda","encrypted":false,"iops":3000,"kms_key_id":"","tags":{},"tags_all":{},"throughput":125,"volume_id":"vol-097cb916f6f52ebea","volume_size":8,"volume_type":"gp3"}],"secondary_private_ips":[],"security_groups":[],"source_dest_check":true,"spot_instance_request_id":"","subnet_id":"subnet-042844248cbc6003d","tags":{"Name":"jmccoytesting_ec2_linux"},"tags_all":{"Name":"jmccoytesting_ec2_linux"},"tenancy":"default","timeouts":null,"user_data":null,"user_data_base64":null,"user_data_replace_on_change":false,"volume_tags":null,"vpc_security_group_ids":["sg-0e11dd8971528fa93"]},"sensitive_attributes":[[{"type":"get_attr","value":"ami"}]],"private":"eyJlMmJmYjczMC1lY2FhLTExZTYtOGY4OC0zNDM2M2JjN2M0YzAiOnsiY3JlYXRlIjo2MDAwMDAwMDAwMDAsImRlbGV0ZSI6MTIwMDAwMDAwMDAwMCwicmVhZCI6OTAwMDAwMDAwMDAwLCJ1cGRhdGUiOjYwMDAwMDAwMDAwMH0sInNjaGVtYV92ZXJzaW9uIjoiMiJ9","dependencies":["module.compute.aws_security_group.jmccoytesting_ec2_linux","module.compute.data.aws_ssm_parameter.al2023","module.networking.aws_subnet.jmccoytesting_privatesubnet_a","module.networking.aws_vpc.jmccoytesting_opentofu_vpc","module.networking.data.aws_availability_zones.standard"]}]},{"module":"module.compute","mode":"managed","type":"aws_security_group","name":"jmccoytesting_ec2_linux","provider":"provider[\"registry.opentofu.org/hashicorp/aws\"]","instances":[{"schema_version":1,"attributes":{"arn":"arn:aws:ec2:us-east-1:340752798936:security-group/sg-0e11dd8971528fa93","description":"Linux EC2: SSH from admin IP","egress":[{"cidr_blocks":["0.0.0.0/0"],"description":"All egress","from_port":0,"ipv6_cidr_blocks":[],"prefix_list_ids":[],"protocol":"-1","security_groups":[],"self":false,"to_port":0}],"id":"sg-0e11dd8971528fa93","ingress":[{"cidr_blocks":["73.60.225.63/32"],"description":"SSH from admin IP","from_port":22,"ipv6_cidr_blocks":[],"prefix_list_ids":[],"protocol":"tcp","security_groups":[],"self":false,"to_port":22}],"name":"jmccoytesting_ec2_linux","name_prefix":"","owner_id":"340752798936","region":"us-east-1","revoke_rules_on_delete":false,"tags":{"Name":"jmccoytesting_ec2_linux"},"tags_all":{"Name":"jmccoytesting_ec2_linux"},"timeouts":null,"vpc_id":"vpc-0a82dbbce15250eb2"},"sensitive_attributes":[],"private":"eyJlMmJmYjczMC1lY2FhLTExZTYtOGY4OC0zNDM2M2JjN2M0YzAiOnsiY3JlYXRlIjo2MDAwMDAwMDAwMDAsImRlbGV0ZSI6OTAwMDAwMDAwMDAwfSwic2NoZW1hX3ZlcnNpb24iOiIxIn0=","dependencies":["module.networking.aws_vpc.jmccoytesting_opentofu_vpc"]}]},{"module":"module.compute","mode":"managed","type":"aws_security_group","name":"jmccoytesting_ec2_windows","provider":"provider[\"registry.opentofu.org/hashicorp/aws\"]","instances":[{"schema_version":1,"attributes":{"arn":"arn:aws:ec2:us-east-1:340752798936:security-group/sg-0413f96187838ba7e","description":"Windows EC2: RDP from admin IP","egress":[{"cidr_blocks":["0.0.0.0/0"],"description":"All egress","from_port":0,"ipv6_cidr_blocks":[],"prefix_list_ids":[],"protocol":"-1","security_groups":[],"self":false,"to_port":0}],"id":"sg-0413f96187838ba7e","ingress":[{"cidr_blocks":["73.60.225.63/32"],"description":"RDP from admin IP","from_port":3389,"ipv6_cidr_blocks":[],"prefix_list_ids":[],"protocol":"tcp","security_groups":[],"self":false,"to_port":3389}],"name":"jmccoytesting_ec2_windows","name_prefix":"","owner_id":"340752798936","region":"us-east-1","revoke_rules_on_delete":false,"tags":{"Name":"jmccoytesting_ec2_windows"},"tags_all":{"Name":"jmccoytesting_ec2_windows"},"timeouts":null,"vpc_id":"vpc-0a82dbbce15250eb2"},"sensitive_attributes":[],"private":"eyJlMmJmYjczMC1lY2FhLTExZTYtOGY4OC0zNDM2M2JjN2M0YzAiOnsiY3JlYXRlIjo2MDAwMDAwMDAwMDAsImRlbGV0ZSI6OTAwMDAwMDAwMDAwfSwic2NoZW1hX3ZlcnNpb24iOiIxIn0=","dependencies":["module.networking.aws_vpc.jmccoytesting_opentofu_vpc"]}]},{"module":"module.networking","mode":"data","type":"aws_availability_zones","name":"standard","provider":"provider[\"registry.opentofu.org/hashicorp/aws\"]","instances":[{"schema_version":0,"attributes":{"all_availability_zones":null,"exclude_names":null,"exclude_zone_ids":null,"filter":[{"name":"opt-in-status","values":["opt-in-not-required"]},{"name":"zone-type","values":["availability-zone"]}],"group_names":["us-east-1-zg-1"],"id":"us-east-1","names":["us-east-1a","us-east-1b","us-east-1c","us-east-1d","us-east-1e","us-east-1f"],"region":"us-east-1","state":"available","timeouts":null,"zone_ids":["use1-az1","use1-az2","use1-az4","use1-az6","use1-az3","use1-az5"]},"sensitive_attributes":[]}]},{"module":"module.networking","mode":"data","type":"aws_region","name":"current","provider":"provider[\"registry.opentofu.org/hashicorp/aws\"]","instances":[{"schema_version":0,"attributes":{"description":"US East (N. Virginia)","endpoint":"ec2.us-east-1.amazonaws.com","id":"us-east-1","name":"us-east-1","region":"us-east-1"},"sensitive_attributes":[]}]},{"module":"module.networking","mode":"data","type":"aws_region","name":"current_s3","provider":"provider[\"registry.opentofu.org/hashicorp/aws\"]","instances":[{"schema_version":0,"attributes":{"description":"US East (N. Virginia)","endpoint":"ec2.us-east-1.amazonaws.com","id":"us-east-1","name":"us-east-1","region":"us-east-1"},"sensitive_attributes":[]}]},{"module":"module.networking","mode":"data","type":"aws_vpc","name":"peer","provider":"provider[\"registry.opentofu.org/hashicorp/aws\"]","instances":[{"schema_version":0,"attributes":{"arn":"arn:aws:ec2:us-east-1:340752798936:vpc/vpc-031bfafccd6c753ed","cidr_block":"10.0.0.0/16","cidr_block_associations":[{"association_id":"vpc-cidr-assoc-0610a45fc6cc0bd73","cidr_block":"10.0.0.0/16","state":"associated"}],"default":false,"dhcp_options_id":"dopt-09970e22ad764d0f6","enable_dns_hostnames":true,"enable_dns_support":true,"enable_network_address_usage_metrics":false,"filter":null,"id":"vpc-031bfafccd6c753ed","instance_tenancy":"default","ipv6_association_id":"","ipv6_cidr_block":"","main_route_table_id":"rtb-0b1d06fd47b0a4669","owner_id":"340752798936","region":"us-east-1","state":null,"tags":{"Name":"workspaces-vpc","env_test":"Msteen"},"timeouts":null},"sensitive_attributes":[]}]},{"module":"module.networking","mode":"data","type":"aws_vpc","name":"workspaces-vpc","provider":"provider[\"registry.opentofu.org/hashicorp/aws\"]","instances":[{"schema_version":0,"attributes":{"arn":"arn:aws:ec2:us-east-1:340752798936:vpc/vpc-031bfafccd6c753ed","cidr_block":"10.0.0.0/16","cidr_block_associations":[{"association_id":"vpc-cidr-assoc-0610a45fc6cc0bd73","cidr_block":"10.0.0.0/16","state":"associated"}],"default":false,"dhcp_options_id":"dopt-09970e22ad764d0f6","enable_dns_hostnames":true,"enable_dns_support":true,"enable_network_address_usage_metrics":false,"filter":null,"id":"vpc-031bfafccd6c753ed","instance_tenancy":"default","ipv6_association_id":"","ipv6_cidr_block":"","main_route_table_id":"rtb-0b1d06fd47b0a4669","owner_id":"340752798936","region":"us-east-1","state":null,"tags":{"Name":"workspaces-vpc","env_test":"Msteen"},"timeouts":null},"sensitive_attributes":[]}]},{"module":"module.networking","mode":"managed","type":"aws_eip","name":"jmccoytesting_eip_a","provider":"provider[\"registry.opentofu.org/hashicorp/aws\"]","instances":[{"schema_version":0,"attributes":{"address":null,"allocation_id":"eipalloc-0f76419d0905e6a61","arn":"arn:aws:ec2:us-east-1:340752798936:elastic-ip/eipalloc-0f76419d0905e6a61","associate_with_private_ip":null,"association_id":"eipassoc-078557ccdd8acadf0","carrier_ip":"","customer_owned_ip":"","customer_owned_ipv4_pool":"","domain":"vpc","id":"eipalloc-0f76419d0905e6a61","instance":"","ipam_pool_id":null,"network_border_group":"us-east-1","network_interface":"eni-0659973f621f61f6e","private_dns":"ip-10-67-4-244.ec2.internal","private_ip":"10.67.4.244","ptr_record":"","public_dns":"ec2-54-221-196-162.compute-1.amazonaws.com","public_ip":"54.221.196.162","public_ipv4_pool":"amazon","region":"us-east-1","tags":{"Name":"jmccoytesting_eip_a","Project":"tofu-learning"},"tags_all":{"Name":"jmccoytesting_eip_a","Project":"tofu-learning"},"timeouts":null},"sensitive_attributes":[],"private":"eyJlMmJmYjczMC1lY2FhLTExZTYtOGY4OC0zNDM2M2JjN2M0YzAiOnsiZGVsZXRlIjoxODAwMDAwMDAwMDAsInJlYWQiOjkwMDAwMDAwMDAwMCwidXBkYXRlIjozMDAwMDAwMDAwMDB9fQ=="}]},{"module":"module.networking","mode":"managed","type":"aws_eip","name":"jmccoytesting_eip_b","provider":"provider[\"registry.opentofu.org/hashicorp/aws\"]","instances":[{"schema_version":0,"attributes":{"address":null,"allocation_id":"eipalloc-0047ff641e292bb66","arn":"arn:aws:ec2:us-east-1:340752798936:elastic-ip/eipalloc-0047ff641e292bb66","associate_with_private_ip":null,"association_id":"eipassoc-07497a1b8948c3abd","carrier_ip":"","customer_owned_ip":"","customer_owned_ipv4_pool":"","domain":"vpc","id":"eipalloc-0047ff641e292bb66","instance":"","ipam_pool_id":null,"network_border_group":"us-east-1","network_interface":"eni-08cd2de56ca1376f4","private_dns":"ip-10-67-6-209.ec2.internal","private_ip":"10.67.6.209","ptr_record":"","public_dns":"ec2-52-5-213-156.compute-1.amazonaws.com","public_ip":"52.5.213.156","public_ipv4_pool":"amazon","region":"us-east-1","tags":{"Name":"jmccoytesting_eip_b","Project":"tofu-learning"},"tags_all":{"Name":"jmccoytesting_eip_b","Project":"tofu-learning"},"timeouts":null},"sensitive_attributes":[],"private":"eyJlMmJmYjczMC1lY2FhLTExZTYtOGY4OC0zNDM2M2JjN2M0YzAiOnsiZGVsZXRlIjoxODAwMDAwMDAwMDAsInJlYWQiOjkwMDAwMDAwMDAwMCwidXBkYXRlIjozMDAwMDAwMDAwMDB9fQ=="}]},{"module":"module.networking","mode":"managed","type":"aws_internet_gateway","name":"jmccoy_opentofu_igw","provider":"provider[\"registry.opentofu.org/hashicorp/aws\"]","instances":[{"schema_version":0,"attributes":{"arn":"arn:aws:ec2:us-east-1:340752798936:internet-gateway/igw-0cdc5d1f08de63323","id":"igw-0cdc5d1f08de63323","owner_id":"340752798936","region":"us-east-1","tags":{"Name":"jmccoy_opentofu_igw","Project":"tofu-learning"},"tags_all":{"Name":"jmccoy_opentofu_igw","Project":"tofu-learning"},"timeouts":null,"vpc_id":"vpc-0a82dbbce15250eb2"},"sensitive_attributes":[],"private":"eyJlMmJmYjczMC1lY2FhLTExZTYtOGY4OC0zNDM2M2JjN2M0YzAiOnsiY3JlYXRlIjoxMjAwMDAwMDAwMDAwLCJkZWxldGUiOjEyMDAwMDAwMDAwMDAsInVwZGF0ZSI6MTIwMDAwMDAwMDAwMH19","dependencies":["module.networking.aws_vpc.jmccoytesting_opentofu_vpc"]}]},{"module":"module.networking","mode":"managed","type":"aws_nat_gateway","name":"jmccoytesting_natgw_a","provider":"provider[\"registry.opentofu.org/hashicorp/aws\"]","instances":[{"schema_version":0,"attributes":{"allocation_id":"eipalloc-0f76419d0905e6a61","association_id":"eipassoc-078557ccdd8acadf0","connectivity_type":"public","id":"nat-07349072d3e8a3919","network_interface_id":"eni-0659973f621f61f6e","private_ip":"10.67.4.244","public_ip":"54.221.196.162","region":"us-east-1","secondary_allocation_ids":[],"secondary_private_ip_address_count":0,"secondary_private_ip_addresses":[],"subnet_id":"subnet-058e83ec8239fda54","tags":{"Name":"jmccoytesting_natgw_a","Project":"tofu-learning"},"tags_all":{"Name":"jmccoytesting_natgw_a","Project":"tofu-learning"},"timeouts":null},"sensitive_attributes":[],"private":"eyJlMmJmYjczMC1lY2FhLTExZTYtOGY4OC0zNDM2M2JjN2M0YzAiOnsiY3JlYXRlIjo2MDAwMDAwMDAwMDAsImRlbGV0ZSI6MTgwMDAwMDAwMDAwMCwidXBkYXRlIjo2MDAwMDAwMDAwMDB9fQ==","dependencies":["module.networking.aws_eip.jmccoytesting_eip_a","module.networking.aws_internet_gateway.jmccoy_opentofu_igw","module.networking.aws_subnet.jmccoytesting_publicsubnet_a","module.networking.aws_vpc.jmccoytesting_opentofu_vpc","module.networking.data.aws_availability_zones.standard"]}]},{"module":"module.networking","mode":"managed","type":"aws_nat_gateway","name":"jmccoytesting_natgw_b","provider":"provider[\"registry.opentofu.org/hashicorp/aws\"]","instances":[{"schema_version":0,"attributes":{"allocation_id":"eipalloc-0047ff641e292bb66","association_id":"eipassoc-07497a1b8948c3abd","connectivity_type":"public","id":"nat-094666075993ac413","network_interface_id":"eni-08cd2de56ca1376f4","private_ip":"10.67.6.209","public_ip":"52.5.213.156","region":"us-east-1","secondary_allocation_ids":[],"secondary_private_ip_address_count":0,"secondary_private_ip_addresses":[],"subnet_id":"subnet-036894d4636079992","tags":{"Name":"jmccoytesting_natgw_b","Project":"tofu-learning"},"tags_all":{"Name":"jmccoytesting_natgw_b","Project":"tofu-learning"},"timeouts":null},"sensitive_attributes":[],"private":"eyJlMmJmYjczMC1lY2FhLTExZTYtOGY4OC0zNDM2M2JjN2M0YzAiOnsiY3JlYXRlIjo2MDAwMDAwMDAwMDAsImRlbGV0ZSI6MTgwMDAwMDAwMDAwMCwidXBkYXRlIjo2MDAwMDAwMDAwMDB9fQ==","dependencies":["module.networking.aws_eip.jmccoytesting_eip_b","module.networking.aws_internet_gateway.jmccoy_opentofu_igw","module.networking.aws_subnet.jmccoytesting_publicsubnet_b","module.networking.aws_vpc.jmccoytesting_opentofu_vpc","module.networking.data.aws_availability_zones.standard"]}]},{"module":"module.networking","mode":"managed","type":"aws_route","name":"jmccoytesting_private_a_default","provider":"provider[\"registry.opentofu.org/hashicorp/aws\"]","instances":[{"schema_version":0,"attributes":{"carrier_gateway_id":"","core_network_arn":"","destination_cidr_block":"0.0.0.0/0","destination_ipv6_cidr_block":"","destination_prefix_list_id":"","egress_only_gateway_id":"","gateway_id":"","id":"r-rtb-0bf12c10c949f51781080289494","instance_id":"","instance_owner_id":"","local_gateway_id":"","nat_gateway_id":"nat-07349072d3e8a3919","network_interface_id":"","origin":"CreateRoute","region":"us-east-1","route_table_id":"rtb-0bf12c10c949f5178","state":"active","timeouts":null,"transit_gateway_id":"","vpc_endpoint_id":"","vpc_peering_connection_id":""},"sensitive_attributes":[],"private":"eyJlMmJmYjczMC1lY2FhLTExZTYtOGY4OC0zNDM2M2JjN2M0YzAiOnsiY3JlYXRlIjozMDAwMDAwMDAwMDAsImRlbGV0ZSI6MzAwMDAwMDAwMDAwLCJ1cGRhdGUiOjEyMDAwMDAwMDAwMH19","dependencies":["module.networking.aws_eip.jmccoytesting_eip_a","module.networking.aws_internet_gateway.jmccoy_opentofu_igw","module.networking.aws_nat_gateway.jmccoytesting_natgw_a","module.networking.aws_route_table.jmccoytesting_private_a","module.networking.aws_subnet.jmccoytesting_publicsubnet_a","module.networking.aws_vpc.jmccoytesting_opentofu_vpc","module.networking.data.aws_availability_zones.standard"]}]},{"module":"module.networking","mode":"managed","type":"aws_route","name":"jmccoytesting_private_b_default","provider":"provider[\"registry.opentofu.org/hashicorp/aws\"]","instances":[{"schema_version":0,"attributes":{"carrier_gateway_id":"","core_network_arn":"","destination_cidr_block":"0.0.0.0/0","destination_ipv6_cidr_block":"","destination_prefix_list_id":"","egress_only_gateway_id":"","gateway_id":"","id":"r-rtb-03cafd4a39ca1bc011080289494","instance_id":"","instance_owner_id":"","local_gateway_id":"","nat_gateway_id":"nat-094666075993ac413","network_interface_id":"","origin":"CreateRoute","region":"us-east-1","route_table_id":"rtb-03cafd4a39ca1bc01","state":"active","timeouts":null,"transit_gateway_id":"","vpc_endpoint_id":"","vpc_peering_connection_id":""},"sensitive_attributes":[],"private":"eyJlMmJmYjczMC1lY2FhLTExZTYtOGY4OC0zNDM2M2JjN2M0YzAiOnsiY3JlYXRlIjozMDAwMDAwMDAwMDAsImRlbGV0ZSI6MzAwMDAwMDAwMDAwLCJ1cGRhdGUiOjEyMDAwMDAwMDAwMH19","dependencies":["module.networking.aws_eip.jmccoytesting_eip_b","module.networking.aws_internet_gateway.jmccoy_opentofu_igw","module.networking.aws_nat_gateway.jmccoytesting_natgw_b","module.networking.aws_route_table.jmccoytesting_private_b","module.networking.aws_subnet.jmccoytesting_publicsubnet_b","module.networking.aws_vpc.jmccoytesting_opentofu_vpc","module.networking.data.aws_availability_zones.standard"]}]},{"module":"module.networking","mode":"managed","type":"aws_route","name":"jmccoytesting_public_default","provider":"provider[\"registry.opentofu.org/hashicorp/aws\"]","instances":[{"schema_version":0,"attributes":{"carrier_gateway_id":"","core_network_arn":"","destination_cidr_block":"0.0.0.0/0","destination_ipv6_cidr_block":"","destination_prefix_list_id":"","egress_only_gateway_id":"","gateway_id":"igw-0cdc5d1f08de63323","id":"r-rtb-0199541bd4b7749fe1080289494","instance_id":"","instance_owner_id":"","local_gateway_id":"","nat_gateway_id":"","network_interface_id":"","origin":"CreateRoute","region":"us-east-1","route_table_id":"rtb-0199541bd4b7749fe","state":"active","timeouts":null,"transit_gateway_id":"","vpc_endpoint_id":"","vpc_peering_connection_id":""},"sensitive_attributes":[],"private":"eyJlMmJmYjczMC1lY2FhLTExZTYtOGY4OC0zNDM2M2JjN2M0YzAiOnsiY3JlYXRlIjozMDAwMDAwMDAwMDAsImRlbGV0ZSI6MzAwMDAwMDAwMDAwLCJ1cGRhdGUiOjEyMDAwMDAwMDAwMH19","dependencies":["module.networking.aws_internet_gateway.jmccoy_opentofu_igw","module.networking.aws_route_table.jmccoytesting_public","module.networking.aws_vpc.jmccoytesting_opentofu_vpc"]}]},{"module":"module.networking","mode":"managed","type":"aws_route","name":"to_peer_private_a","provider":"provider[\"registry.opentofu.org/hashicorp/aws\"]","instances":[{"schema_version":0,"attributes":{"carrier_gateway_id":"","core_network_arn":"","destination_cidr_block":"10.0.0.0/16","destination_ipv6_cidr_block":"","destination_prefix_list_id":"","egress_only_gateway_id":"","gateway_id":"","id":"r-rtb-0bf12c10c949f5178179966490","instance_id":"","instance_owner_id":"","local_gateway_id":"","nat_gateway_id":"","network_interface_id":"","origin":"CreateRoute","region":"us-east-1","route_table_id":"rtb-0bf12c10c949f5178","state":"active","timeouts":null,"transit_gateway_id":"","vpc_endpoint_id":"","vpc_peering_connection_id":"pcx-01ad178e6a27355c1"},"sensitive_attributes":[],"private":"eyJlMmJmYjczMC1lY2FhLTExZTYtOGY4OC0zNDM2M2JjN2M0YzAiOnsiY3JlYXRlIjozMDAwMDAwMDAwMDAsImRlbGV0ZSI6MzAwMDAwMDAwMDAwLCJ1cGRhdGUiOjEyMDAwMDAwMDAwMH19","dependencies":["module.networking.aws_route_table.jmccoytesting_private_a","module.networking.aws_vpc.jmccoytesting_opentofu_vpc","module.networking.aws_vpc_peering_connection.jmccoytesting_peer","module.networking.data.aws_vpc.peer"]}]},{"module":"module.networking","mode":"managed","type":"aws_route","name":"to_peer_private_b","provider":"provider[\"registry.opentofu.org/hashicorp/aws\"]","instances":[{"schema_version":0,"attributes":{"carrier_gateway_id":"","core_network_arn":"","destination_cidr_block":"10.0.0.0/16","destination_ipv6_cidr_block":"","destination_prefix_list_id":"","egress_only_gateway_id":"","gateway_id":"","id":"r-rtb-03cafd4a39ca1bc01179966490","instance_id":"","instance_owner_id":"","local_gateway_id":"","nat_gateway_id":"","network_interface_id":"","origin":"CreateRoute","region":"us-east-1","route_table_id":"rtb-03cafd4a39ca1bc01","state":"active","timeouts":null,"transit_gateway_id":"","vpc_endpoint_id":"","vpc_peering_connection_id":"pcx-01ad178e6a27355c1"},"sensitive_attributes":[],"private":"eyJlMmJmYjczMC1lY2FhLTExZTYtOGY4OC0zNDM2M2JjN2M0YzAiOnsiY3JlYXRlIjozMDAwMDAwMDAwMDAsImRlbGV0ZSI6MzAwMDAwMDAwMDAwLCJ1cGRhdGUiOjEyMDAwMDAwMDAwMH19","dependencies":["module.networking.aws_route_table.jmccoytesting_private_b","module.networking.aws_vpc.jmccoytesting_opentofu_vpc","module.networking.aws_vpc_peering_connection.jmccoytesting_peer","module.networking.data.aws_vpc.peer"]}]},{"module":"module.networking","mode":"managed","type":"aws_route_table","name":"jmccoytesting_private_a","provider":"provider[\"registry.opentofu.org/hashicorp/aws\"]","instances":[{"schema_version":0,"attributes":{"arn":"arn:aws:ec2:us-east-1:340752798936:route-table/rtb-0bf12c10c949f5178","id":"rtb-0bf12c10c949f5178","owner_id":"340752798936","propagating_vgws":[],"region":"us-east-1","route":[{"carrier_gateway_id":"","cidr_block":"0.0.0.0/0","core_network_arn":"","destination_prefix_list_id":"","egress_only_gateway_id":"","gateway_id":"","ipv6_cidr_block":"","local_gateway_id":"","nat_gateway_id":"nat-07349072d3e8a3919","network_interface_id":"","transit_gateway_id":"","vpc_endpoint_id":"","vpc_peering_connection_id":""},{"carrier_gateway_id":"","cidr_block":"10.0.0.0/16","core_network_arn":"","destination_prefix_list_id":"","egress_only_gateway_id":"","gateway_id":"","ipv6_cidr_block":"","local_gateway_id":"","nat_gateway_id":"","network_interface_id":"","transit_gateway_id":"","vpc_endpoint_id":"","vpc_peering_connection_id":"pcx-01ad178e6a27355c1"}],"tags":{"Name":"jmccoytesting-rt-private-a","Project":"tofu-learning","Tier":"private"},"tags_all":{"Name":"jmccoytesting-rt-private-a","Project":"tofu-learning","Tier":"private"},"timeouts":null,"vpc_id":"vpc-0a82dbbce15250eb2"},"sensitive_attributes":[],"private":"eyJlMmJmYjczMC1lY2FhLTExZTYtOGY4OC0zNDM2M2JjN2M0YzAiOnsiY3JlYXRlIjozMDAwMDAwMDAwMDAsImRlbGV0ZSI6MzAwMDAwMDAwMDAwLCJ1cGRhdGUiOjEyMDAwMDAwMDAwMH19","dependencies":["module.networking.aws_vpc.jmccoytesting_opentofu_vpc"]}]},{"module":"module.networking","mode":"managed","type":"aws_route_table","name":"jmccoytesting_private_b","provider":"provider[\"registry.opentofu.org/hashicorp/aws\"]","instances":[{"schema_version":0,"attributes":{"arn":"arn:aws:ec2:us-east-1:340752798936:route-table/rtb-03cafd4a39ca1bc01","id":"rtb-03cafd4a39ca1bc01","owner_id":"340752798936","propagating_vgws":[],"region":"us-east-1","route":[{"carrier_gateway_id":"","cidr_block":"0.0.0.0/0","core_network_arn":"","destination_prefix_list_id":"","egress_only_gateway_id":"","gateway_id":"","ipv6_cidr_block":"","local_gateway_id":"","nat_gateway_id":"nat-094666075993ac413","network_interface_id":"","transit_gateway_id":"","vpc_endpoint_id":"","vpc_peering_connection_id":""},{"carrier_gateway_id":"","cidr_block":"10.0.0.0/16","core_network_arn":"","destination_prefix_list_id":"","egress_only_gateway_id":"","gateway_id":"","ipv6_cidr_block":"","local_gateway_id":"","nat_gateway_id":"","network_interface_id":"","transit_gateway_id":"","vpc_endpoint_id":"","vpc_peering_connection_id":"pcx-01ad178e6a27355c1"}],"tags":{"Name":"jmccoytesting-rt-private-b","Project":"tofu-learning","Tier":"private"},"tags_all":{"Name":"jmccoytesting-rt-private-b","Project":"tofu-learning","Tier":"private"},"timeouts":null,"vpc_id":"vpc-0a82dbbce15250eb2"},"sensitive_attributes":[],"private":"eyJlMmJmYjczMC1lY2FhLTExZTYtOGY4OC0zNDM2M2JjN2M0YzAiOnsiY3JlYXRlIjozMDAwMDAwMDAwMDAsImRlbGV0ZSI6MzAwMDAwMDAwMDAwLCJ1cGRhdGUiOjEyMDAwMDAwMDAwMH19","dependencies":["module.networking.aws_vpc.jmccoytesting_opentofu_vpc"]}]},{"module":"module.networking","mode":"managed","type":"aws_route_table","name":"jmccoytesting_public","provider":"provider[\"registry.opentofu.org/hashicorp/aws\"]","instances":[{"schema_version":0,"attributes":{"arn":"arn:aws:ec2:us-east-1:340752798936:route-table/rtb-0199541bd4b7749fe","id":"rtb-0199541bd4b7749fe","owner_id":"340752798936","propagating_vgws":[],"region":"us-east-1","route":[{"carrier_gateway_id":"","cidr_block":"0.0.0.0/0","core_network_arn":"","destination_prefix_list_id":"","egress_only_gateway_id":"","gateway_id":"igw-0cdc5d1f08de63323","ipv6_cidr_block":"","local_gateway_id":"","nat_gateway_id":"","network_interface_id":"","transit_gateway_id":"","vpc_endpoint_id":"","vpc_peering_connection_id":""}],"tags":{"Name":"jmccoytesting-rt-public","Project":"tofu-learning","Tier":"public"},"tags_all":{"Name":"jmccoytesting-rt-public","Project":"tofu-learning","Tier":"public"},"timeouts":null,"vpc_id":"vpc-0a82dbbce15250eb2"},"sensitive_attributes":[],"private":"eyJlMmJmYjczMC1lY2FhLTExZTYtOGY4OC0zNDM2M2JjN2M0YzAiOnsiY3JlYXRlIjozMDAwMDAwMDAwMDAsImRlbGV0ZSI6MzAwMDAwMDAwMDAwLCJ1cGRhdGUiOjEyMDAwMDAwMDAwMH19","dependencies":["module.networking.aws_vpc.jmccoytesting_opentofu_vpc"]}]},{"module":"module.networking","mode":"managed","type":"aws_route_table_association","name":"jmccoytesting_private_assoc_a","provider":"provider[\"registry.opentofu.org/hashicorp/aws\"]","instances":[{"schema_version":0,"attributes":{"gateway_id":"","id":"rtbassoc-08f815e51b8900b4a","region":"us-east-1","route_table_id":"rtb-0bf12c10c949f5178","subnet_id":"subnet-042844248cbc6003d","timeouts":null},"sensitive_attributes":[],"private":"eyJlMmJmYjczMC1lY2FhLTExZTYtOGY4OC0zNDM2M2JjN2M0YzAiOnsiY3JlYXRlIjozMDAwMDAwMDAwMDAsImRlbGV0ZSI6MzAwMDAwMDAwMDAwLCJ1cGRhdGUiOjEyMDAwMDAwMDAwMH19","dependencies":["module.networking.aws_route_table.jmccoytesting_private_a","module.networking.aws_subnet.jmccoytesting_privatesubnet_a","module.networking.aws_vpc.jmccoytesting_opentofu_vpc","module.networking.data.aws_availability_zones.standard"]}]},{"module":"module.networking","mode":"managed","type":"aws_route_table_association","name":"jmccoytesting_private_assoc_b","provider":"provider[\"registry.opentofu.org/hashicorp/aws\"]","instances":[{"schema_version":0,"attributes":{"gateway_id":"","id":"rtbassoc-04e7a563677fc0fde","region":"us-east-1","route_table_id":"rtb-03cafd4a39ca1bc01","subnet_id":"subnet-071807acaf986834e","timeouts":null},"sensitive_attributes":[],"private":"eyJlMmJmYjczMC1lY2FhLTExZTYtOGY4OC0zNDM2M2JjN2M0YzAiOnsiY3JlYXRlIjozMDAwMDAwMDAwMDAsImRlbGV0ZSI6MzAwMDAwMDAwMDAwLCJ1cGRhdGUiOjEyMDAwMDAwMDAwMH19","dependencies":["module.networking.aws_route_table.jmccoytesting_private_b","module.networking.aws_subnet.jmccoytesting_privatesubnet_b","module.networking.aws_vpc.jmccoytesting_opentofu_vpc","module.networking.data.aws_availability_zones.standard"]}]},{"module":"module.networking","mode":"managed","type":"aws_route_table_association","name":"jmccoytesting_public_a","provider":"provider[\"registry.opentofu.org/hashicorp/aws\"]","instances":[{"schema_version":0,"attributes":{"gateway_id":"","id":"rtbassoc-084ce81bdf148bf1b","region":"us-east-1","route_table_id":"rtb-0199541bd4b7749fe","subnet_id":"subnet-058e83ec8239fda54","timeouts":null},"sensitive_attributes":[],"private":"eyJlMmJmYjczMC1lY2FhLTExZTYtOGY4OC0zNDM2M2JjN2M0YzAiOnsiY3JlYXRlIjozMDAwMDAwMDAwMDAsImRlbGV0ZSI6MzAwMDAwMDAwMDAwLCJ1cGRhdGUiOjEyMDAwMDAwMDAwMH19","dependencies":["module.networking.aws_route_table.jmccoytesting_public","module.networking.aws_subnet.jmccoytesting_publicsubnet_a","module.networking.aws_vpc.jmccoytesting_opentofu_vpc","module.networking.data.aws_availability_zones.standard"]}]},{"module":"module.networking","mode":"managed","type":"aws_route_table_association","name":"jmccoytesting_public_b","provider":"provider[\"registry.opentofu.org/hashicorp/aws\"]","instances":[{"schema_version":0,"attributes":{"gateway_id":"","id":"rtbassoc-0658fb9f403fbc2bf","region":"us-east-1","route_table_id":"rtb-0199541bd4b7749fe","subnet_id":"subnet-036894d4636079992","timeouts":null},"sensitive_attributes":[],"private":"eyJlMmJmYjczMC1lY2FhLTExZTYtOGY4OC0zNDM2M2JjN2M0YzAiOnsiY3JlYXRlIjozMDAwMDAwMDAwMDAsImRlbGV0ZSI6MzAwMDAwMDAwMDAwLCJ1cGRhdGUiOjEyMDAwMDAwMDAwMH19","dependencies":["module.networking.aws_route_table.jmccoytesting_public","module.networking.aws_subnet.jmccoytesting_publicsubnet_b","module.networking.aws_vpc.jmccoytesting_opentofu_vpc","module.networking.data.aws_availability_zones.standard"]}]},{"module":"module.networking","mode":"managed","type":"aws_security_group","name":"jmccoytesting_ssm_sg","provider":"provider[\"registry.opentofu.org/hashicorp/aws\"]","instances":[{"schema_version":1,"attributes":{"arn":"arn:aws:ec2:us-east-1:340752798936:security-group/sg-00035c284f3121cdc","description":"Allow 443 from private subnets to SSM interface endpoints","egress":[{"cidr_blocks":["0.0.0.0/0"],"description":"All egress","from_port":0,"ipv6_cidr_blocks":[],"prefix_list_ids":[],"protocol":"-1","security_groups":[],"self":false,"to_port":0}],"id":"sg-00035c284f3121cdc","ingress":[{"cidr_blocks":["10.67.0.0/16"],"description":"HTTPS from private subnets","from_port":443,"ipv6_cidr_blocks":[],"prefix_list_ids":[],"protocol":"tcp","security_groups":[],"self":false,"to_port":443}],"name":"jmccoytesting-ssm-sg","name_prefix":"","owner_id":"340752798936","region":"us-east-1","revoke_rules_on_delete":false,"tags":{"Name":"jmccoytesting-ssm-sg","Project":"tofu-learning"},"tags_all":{"Name":"jmccoytesting-ssm-sg","Project":"tofu-learning"},"timeouts":null,"vpc_id":"vpc-0a82dbbce15250eb2"},"sensitive_attributes":[],"private":"eyJlMmJmYjczMC1lY2FhLTExZTYtOGY4OC0zNDM2M2JjN2M0YzAiOnsiY3JlYXRlIjo2MDAwMDAwMDAwMDAsImRlbGV0ZSI6OTAwMDAwMDAwMDAwfSwic2NoZW1hX3ZlcnNpb24iOiIxIn0=","dependencies":["module.networking.aws_vpc.jmccoytesting_opentofu_vpc"]}]},{"module":"module.networking","mode":"managed","type":"aws_subnet","name":"jmccoytesting_privatesubnet_a","provider":"provider[\"registry.opentofu.org/hashicorp/aws\"]","instances":[{"schema_version":1,"attributes":{"arn":"arn:aws:ec2:us-east-1:340752798936:subnet/subnet-042844248cbc6003d","assign_ipv6_address_on_creation":false,"availability_zone":"us-east-1a","availability_zone_id":"use1-az1","cidr_block":"10.67.0.0/23","customer_owned_ipv4_pool":"","enable_dns64":false,"enable_lni_at_device_index":0,"enable_resource_name_dns_a_record_on_launch":false,"enable_resource_name_dns_aaaa_record_on_launch":false,"id":"subnet-042844248cbc6003d","ipv6_cidr_block":"","ipv6_cidr_block_association_id":"","ipv6_native":false,"map_customer_owned_ip_on_launch":false,"map_public_ip_on_launch":false,"outpost_arn":"","owner_id":"340752798936","private_dns_hostname_type_on_launch":"ip-name","region":"us-east-1","tags":{"Name":"jmccoytesting-privatesubnet-a","Project":"tofu-learning","Tier":"private"},"tags_all":{"Name":"jmccoytesting-privatesubnet-a","Project":"tofu-learning","Tier":"private"},"timeouts":null,"vpc_id":"vpc-0a82dbbce15250eb2"},"sensitive_attributes":[],"private":"eyJlMmJmYjczMC1lY2FhLTExZTYtOGY4OC0zNDM2M2JjN2M0YzAiOnsiY3JlYXRlIjo2MDAwMDAwMDAwMDAsImRlbGV0ZSI6MTIwMDAwMDAwMDAwMH0sInNjaGVtYV92ZXJzaW9uIjoiMSJ9","dependencies":["module.networking.aws_vpc.jmccoytesting_opentofu_vpc","module.networking.data.aws_availability_zones.standard"]}]},{"module":"module.networking","mode":"managed","type":"aws_subnet","name":"jmccoytesting_privatesubnet_b","provider":"provider[\"registry.opentofu.org/hashicorp/aws\"]","instances":[{"schema_version":1,"attributes":{"arn":"arn:aws:ec2:us-east-1:340752798936:subnet/subnet-071807acaf986834e","assign_ipv6_address_on_creation":false,"availability_zone":"us-east-1b","availability_zone_id":"use1-az2","cidr_block":"10.67.2.0/23","customer_owned_ipv4_pool":"","enable_dns64":false,"enable_lni_at_device_index":0,"enable_resource_name_dns_a_record_on_launch":false,"enable_resource_name_dns_aaaa_record_on_launch":false,"id":"subnet-071807acaf986834e","ipv6_cidr_block":"","ipv6_cidr_block_association_id":"","ipv6_native":false,"map_customer_owned_ip_on_launch":false,"map_public_ip_on_launch":false,"outpost_arn":"","owner_id":"340752798936","private_dns_hostname_type_on_launch":"ip-name","region":"us-east-1","tags":{"Name":"jmccoytesting-privatesubnet-b","Project":"tofu-learning","Tier":"private"},"tags_all":{"Name":"jmccoytesting-privatesubnet-b","Project":"tofu-learning","Tier":"private"},"timeouts":null,"vpc_id":"vpc-0a82dbbce15250eb2"},"sensitive_attributes":[],"private":"eyJlMmJmYjczMC1lY2FhLTExZTYtOGY4OC0zNDM2M2JjN2M0YzAiOnsiY3JlYXRlIjo2MDAwMDAwMDAwMDAsImRlbGV0ZSI6MTIwMDAwMDAwMDAwMH0sInNjaGVtYV92ZXJzaW9uIjoiMSJ9","dependencies":["module.networking.aws_vpc.jmccoytesting_opentofu_vpc","module.networking.data.aws_availability_zones.standard"]}]},{"module":"module.networking","mode":"managed","type":"aws_subnet","name":"jmccoytesting_publicsubnet_a","provider":"provider[\"registry.opentofu.org/hashicorp/aws\"]","instances":[{"schema_version":1,"attributes":{"arn":"arn:aws:ec2:us-east-1:340752798936:subnet/subnet-058e83ec8239fda54","assign_ipv6_address_on_creation":false,"availability_zone":"us-east-1a","availability_zone_id":"use1-az1","cidr_block":"10.67.4.0/23","customer_owned_ipv4_pool":"","enable_dns64":false,"enable_lni_at_device_index":0,"enable_resource_name_dns_a_record_on_launch":false,"enable_resource_name_dns_aaaa_record_on_launch":false,"id":"subnet-058e83ec8239fda54","ipv6_cidr_block":"","ipv6_cidr_block_association_id":"","ipv6_native":false,"map_customer_owned_ip_on_launch":false,"map_public_ip_on_launch":true,"outpost_arn":"","owner_id":"340752798936","private_dns_hostname_type_on_launch":"ip-name","region":"us-east-1","tags":{"Name":"jmccoytesting-publicsubnet-a","Project":"tofu-learning","Tier":"public"},"tags_all":{"Name":"jmccoytesting-publicsubnet-a","Project":"tofu-learning","Tier":"public"},"timeouts":null,"vpc_id":"vpc-0a82dbbce15250eb2"},"sensitive_attributes":[],"private":"eyJlMmJmYjczMC1lY2FhLTExZTYtOGY4OC0zNDM2M2JjN2M0YzAiOnsiY3JlYXRlIjo2MDAwMDAwMDAwMDAsImRlbGV0ZSI6MTIwMDAwMDAwMDAwMH0sInNjaGVtYV92ZXJzaW9uIjoiMSJ9","dependencies":["module.networking.aws_vpc.jmccoytesting_opentofu_vpc","module.networking.data.aws_availability_zones.standard"]}]},{"module":"module.networking","mode":"managed","type":"aws_subnet","name":"jmccoytesting_publicsubnet_b","provider":"provider[\"registry.opentofu.org/hashicorp/aws\"]","instances":[{"schema_version":1,"attributes":{"arn":"arn:aws:ec2:us-east-1:340752798936:subnet/subnet-036894d4636079992","assign_ipv6_address_on_creation":false,"availability_zone":"us-east-1b","availability_zone_id":"use1-az2","cidr_block":"10.67.6.0/23","customer_owned_ipv4_pool":"","enable_dns64":false,"enable_lni_at_device_index":0,"enable_resource_name_dns_a_record_on_launch":false,"enable_resource_name_dns_aaaa_record_on_launch":false,"id":"subnet-036894d4636079992","ipv6_cidr_block":"","ipv6_cidr_block_association_id":"","ipv6_native":false,"map_customer_owned_ip_on_launch":false,"map_public_ip_on_launch":true,"outpost_arn":"","owner_id":"340752798936","private_dns_hostname_type_on_launch":"ip-name","region":"us-east-1","tags":{"Name":"jmccoytesting-publicsubnet-b","Project":"tofu-learning","Tier":"public"},"tags_all":{"Name":"jmccoytesting-publicsubnet-b","Project":"tofu-learning","Tier":"public"},"timeouts":null,"vpc_id":"vpc-0a82dbbce15250eb2"},"sensitive_attributes":[],"private":"eyJlMmJmYjczMC1lY2FhLTExZTYtOGY4OC0zNDM2M2JjN2M0YzAiOnsiY3JlYXRlIjo2MDAwMDAwMDAwMDAsImRlbGV0ZSI6MTIwMDAwMDAwMDAwMH0sInNjaGVtYV92ZXJzaW9uIjoiMSJ9","dependencies":["module.networking.aws_vpc.jmccoytesting_opentofu_vpc","module.networking.data.aws_availability_zones.standard"]}]},{"module":"module.networking","mode":"managed","type":"aws_vpc","name":"jmccoytesting_opentofu_vpc","provider":"provider[\"registry.opentofu.org/hashicorp/aws\"]","instances":[{"schema_version":1,"attributes":{"arn":"arn:aws:ec2:us-east-1:340752798936:vpc/vpc-0a82dbbce15250eb2","assign_generated_ipv6_cidr_block":false,"cidr_block":"10.67.0.0/16","default_network_acl_id":"acl-05123793627a62dea","default_route_table_id":"rtb-02aa00be4964d21fb","default_security_group_id":"sg-063afa7da7673df20","dhcp_options_id":"dopt-0a17ff39f599d0f6b","enable_dns_hostnames":true,"enable_dns_support":true,"enable_network_address_usage_metrics":false,"id":"vpc-0a82dbbce15250eb2","instance_tenancy":"default","ipv4_ipam_pool_id":null,"ipv4_netmask_length":null,"ipv6_association_id":"","ipv6_cidr_block":"","ipv6_cidr_block_network_border_group":"","ipv6_ipam_pool_id":"","ipv6_netmask_length":0,"main_route_table_id":"rtb-02aa00be4964d21fb","owner_id":"340752798936","region":"us-east-1","tags":{"Name":"jmccoytesting_opentofu_vpc","Project":"tofu-learning"},"tags_all":{"Name":"jmccoytesting_opentofu_vpc","Project":"tofu-learning"}},"sensitive_attributes":[],"private":"eyJzY2hlbWFfdmVyc2lvbiI6IjEifQ=="}]},{"module":"module.networking","mode":"managed","type":"aws_vpc_dhcp_options","name":"jmccoytesting_dhcp","provider":"provider[\"registry.opentofu.org/hashicorp/aws\"]","instances":[{"schema_version":0,"attributes":{"arn":"arn:aws:ec2:us-east-1:340752798936:dhcp-options/dopt-0a17ff39f599d0f6b","domain_name":"internal.testing.com","domain_name_servers":["AmazonProvidedDNS"],"id":"dopt-0a17ff39f599d0f6b","ipv6_address_preferred_lease_time":"","netbios_name_servers":[],"netbios_node_type":"","ntp_servers":[],"owner_id":"340752798936","region":"us-east-1","tags":{"Name":"jmccoytesting-dhcp","Project":"tofu-learning"},"tags_all":{"Name":"jmccoytesting-dhcp","Project":"tofu-learning"}},"sensitive_attributes":[],"private":"bnVsbA=="}]},{"module":"module.networking","mode":"managed","type":"aws_vpc_dhcp_options","name":"route53-test-jmccoy","provider":"provider[\"registry.opentofu.org/hashicorp/aws\"]","instances":[{"schema_version":0,"attributes":{"arn":"arn:aws:ec2:us-east-1:340752798936:dhcp-options/dopt-0f550e23749528d04","domain_name":"ec2.internal","domain_name_servers":["AmazonProvidedDNS"],"id":"dopt-0f550e23749528d04","ipv6_address_preferred_lease_time":"","netbios_name_servers":[],"netbios_node_type":"","ntp_servers":[],"owner_id":"340752798936","region":"us-east-1","tags":{},"tags_all":{}},"sensitive_attributes":[],"private":"bnVsbA=="}]},{"module":"module.networking","mode":"managed","type":"aws_vpc_dhcp_options_association","name":"jmccoytesting_dhcp_assoc","provider":"provider[\"registry.opentofu.org/hashicorp/aws\"]","instances":[{"schema_version":0,"attributes":{"dhcp_options_id":"dopt-0a17ff39f599d0f6b","id":"dopt-0a17ff39f599d0f6b-vpc-0a82dbbce15250eb2","region":"us-east-1","vpc_id":"vpc-0a82dbbce15250eb2"},"sensitive_attributes":[],"private":"bnVsbA==","dependencies":["module.networking.aws_vpc.jmccoytesting_opentofu_vpc","module.networking.aws_vpc_dhcp_options.jmccoytesting_dhcp"]}]},{"module":"module.networking","mode":"managed","type":"aws_vpc_endpoint","name":"jmccoytesting_ec2messages","provider":"provider[\"registry.opentofu.org/hashicorp/aws\"]","instances":[{"schema_version":0,"attributes":{"arn":"arn:aws:ec2:us-east-1:340752798936:vpc-endpoint/vpce-0e87f413c84f4f1db","auto_accept":null,"cidr_blocks":[],"dns_entry":[{"dns_name":"vpce-0e87f413c84f4f1db-rzxc5j2t.ec2messages.us-east-1.vpce.amazonaws.com","hosted_zone_id":"Z7HUB22UULQXV"},{"dns_name":"vpce-0e87f413c84f4f1db-rzxc5j2t-us-east-1b.ec2messages.us-east-1.vpce.amazonaws.com","hosted_zone_id":"Z7HUB22UULQXV"},{"dns_name":"vpce-0e87f413c84f4f1db-rzxc5j2t-us-east-1a.ec2messages.us-east-1.vpce.amazonaws.com","hosted_zone_id":"Z7HUB22UULQXV"},{"dns_name":"ec2messages.us-east-1.amazonaws.com","hosted_zone_id":"Z1009889VOZLZQVAWVDR"}],"dns_options":[{"dns_record_ip_type":"ipv4","private_dns_only_for_inbound_resolver_endpoint":false}],"id":"vpce-0e87f413c84f4f1db","ip_address_type":"ipv4","network_interface_ids":["eni-015ea7494003fac70","eni-07e37b88dcea09b10"],"owner_id":"340752798936","policy":"{\"Statement\":[{\"Action\":\"*\",\"Effect\":\"Allow\",\"Principal\":\"*\",\"Resource\":\"*\"}]}","prefix_list_id":null,"private_dns_enabled":true,"region":"us-east-1","requester_managed":false,"resource_configuration_arn":"","route_table_ids":[],"security_group_ids":["sg-00035c284f3121cdc"],"service_name":"com.amazonaws.us-east-1.ec2messages","service_network_arn":"","service_region":"us-east-1","state":"available","subnet_configuration":[{"ipv4":"10.67.1.61","ipv6":"","subnet_id":"subnet-042844248cbc6003d"},{"ipv4":"10.67.2.244","ipv6":"","subnet_id":"subnet-071807acaf986834e"}],"subnet_ids":["subnet-042844248cbc6003d","subnet-071807acaf986834e"],"tags":{"Name":"jmccoytesting-ec2messages","Project":"tofu-learning"},"tags_all":{"Name":"jmccoytesting-ec2messages","Project":"tofu-learning"},"timeouts":null,"vpc_endpoint_type":"Interface","vpc_id":"vpc-0a82dbbce15250eb2"},"sensitive_attributes":[],"private":"eyJlMmJmYjczMC1lY2FhLTExZTYtOGY4OC0zNDM2M2JjN2M0YzAiOnsiY3JlYXRlIjo2MDAwMDAwMDAwMDAsImRlbGV0ZSI6NjAwMDAwMDAwMDAwLCJ1cGRhdGUiOjYwMDAwMDAwMDAwMH19","dependencies":["module.networking.aws_security_group.jmccoytesting_ssm_sg","module.networking.aws_subnet.jmccoytesting_privatesubnet_a","module.networking.aws_subnet.jmccoytesting_privatesubnet_b","module.networking.aws_vpc.jmccoytesting_opentofu_vpc","module.networking.data.aws_availability_zones.standard","module.networking.data.aws_region.current"]}]},{"module":"module.networking","mode":"managed","type":"aws_vpc_endpoint","name":"jmccoytesting_s3","provider":"provider[\"registry.opentofu.org/hashicorp/aws\"]","instances":[{"schema_version":0,"attributes":{"arn":"arn:aws:ec2:us-east-1:340752798936:vpc-endpoint/vpce-0927dfdcba3c3dc3b","auto_accept":null,"cidr_blocks":["16.15.176.0/20","16.182.0.0/16","18.34.0.0/19","52.216.0.0/15","54.231.0.0/16","3.5.0.0/19","18.34.232.0/21","16.15.192.0/18"],"dns_entry":[],"dns_options":[],"id":"vpce-0927dfdcba3c3dc3b","ip_address_type":"","network_interface_ids":[],"owner_id":"340752798936","policy":"{\"Statement\":[{\"Action\":\"*\",\"Effect\":\"Allow\",\"Principal\":\"*\",\"Resource\":\"*\"}],\"Version\":\"2008-10-17\"}","prefix_list_id":"pl-63a5400a","private_dns_enabled":false,"region":"us-east-1","requester_managed":false,"resource_configuration_arn":"","route_table_ids":["rtb-03cafd4a39ca1bc01","rtb-0bf12c10c949f5178"],"security_group_ids":[],"service_name":"com.amazonaws.us-east-1.s3","service_network_arn":"","service_region":"us-east-1","state":"available","subnet_configuration":[],"subnet_ids":[],"tags":{"Name":"jmccoytesting-s3","Project":"tofu-learning"},"tags_all":{"Name":"jmccoytesting-s3","Project":"tofu-learning"},"timeouts":null,"vpc_endpoint_type":"Gateway","vpc_id":"vpc-0a82dbbce15250eb2"},"sensitive_attributes":[],"private":"eyJlMmJmYjczMC1lY2FhLTExZTYtOGY4OC0zNDM2M2JjN2M0YzAiOnsiY3JlYXRlIjo2MDAwMDAwMDAwMDAsImRlbGV0ZSI6NjAwMDAwMDAwMDAwLCJ1cGRhdGUiOjYwMDAwMDAwMDAwMH19","dependencies":["module.networking.aws_route_table.jmccoytesting_private_a","module.networking.aws_route_table.jmccoytesting_private_b","module.networking.aws_vpc.jmccoytesting_opentofu_vpc","module.networking.data.aws_region.current"]}]},{"module":"module.networking","mode":"managed","type":"aws_vpc_endpoint","name":"jmccoytesting_ssm","provider":"provider[\"registry.opentofu.org/hashicorp/aws\"]","instances":[{"schema_version":0,"attributes":{"arn":"arn:aws:ec2:us-east-1:340752798936:vpc-endpoint/vpce-0b2e069030221dc0c","auto_accept":null,"cidr_blocks":[],"dns_entry":[{"dns_name":"vpce-0b2e069030221dc0c-bywwtwnf.ssm.us-east-1.vpce.amazonaws.com","hosted_zone_id":"Z7HUB22UULQXV"},{"dns_name":"vpce-0b2e069030221dc0c-bywwtwnf-us-east-1a.ssm.us-east-1.vpce.amazonaws.com","hosted_zone_id":"Z7HUB22UULQXV"},{"dns_name":"vpce-0b2e069030221dc0c-bywwtwnf-us-east-1b.ssm.us-east-1.vpce.amazonaws.com","hosted_zone_id":"Z7HUB22UULQXV"},{"dns_name":"ssm.us-east-1.amazonaws.com","hosted_zone_id":"Z01012972WB3WAAAMK6PU"},{"dns_name":"ssm.us-east-1.api.aws","hosted_zone_id":"Z010108925V38CGR0QMQP"}],"dns_options":[{"dns_record_ip_type":"ipv4","private_dns_only_for_inbound_resolver_endpoint":false}],"id":"vpce-0b2e069030221dc0c","ip_address_type":"ipv4","network_interface_ids":["eni-08602e8b61dedee41","eni-0d6e37dae9e00e1d9"],"owner_id":"340752798936","policy":"{\"Statement\":[{\"Action\":\"*\",\"Effect\":\"Allow\",\"Principal\":\"*\",\"Resource\":\"*\"}]}","prefix_list_id":null,"private_dns_enabled":true,"region":"us-east-1","requester_managed":false,"resource_configuration_arn":"","route_table_ids":[],"security_group_ids":["sg-00035c284f3121cdc"],"service_name":"com.amazonaws.us-east-1.ssm","service_network_arn":"","service_region":"us-east-1","state":"available","subnet_configuration":[{"ipv4":"10.67.1.93","ipv6":"","subnet_id":"subnet-042844248cbc6003d"},{"ipv4":"10.67.2.204","ipv6":"","subnet_id":"subnet-071807acaf986834e"}],"subnet_ids":["subnet-042844248cbc6003d","subnet-071807acaf986834e"],"tags":{"Name":"jmccoytesting-ssm","Project":"tofu-learning"},"tags_all":{"Name":"jmccoytesting-ssm","Project":"tofu-learning"},"timeouts":null,"vpc_endpoint_type":"Interface","vpc_id":"vpc-0a82dbbce15250eb2"},"sensitive_attributes":[],"private":"eyJlMmJmYjczMC1lY2FhLTExZTYtOGY4OC0zNDM2M2JjN2M0YzAiOnsiY3JlYXRlIjo2MDAwMDAwMDAwMDAsImRlbGV0ZSI6NjAwMDAwMDAwMDAwLCJ1cGRhdGUiOjYwMDAwMDAwMDAwMH19","dependencies":["module.networking.aws_security_group.jmccoytesting_ssm_sg","module.networking.aws_subnet.jmccoytesting_privatesubnet_a","module.networking.aws_subnet.jmccoytesting_privatesubnet_b","module.networking.aws_vpc.jmccoytesting_opentofu_vpc","module.networking.data.aws_availability_zones.standard","module.networking.data.aws_region.current"]}]},{"module":"module.networking","mode":"managed","type":"aws_vpc_endpoint","name":"jmccoytesting_ssmmessages","provider":"provider[\"registry.opentofu.org/hashicorp/aws\"]","instances":[{"schema_version":0,"attributes":{"arn":"arn:aws:ec2:us-east-1:340752798936:vpc-endpoint/vpce-0724de317f7032484","auto_accept":null,"cidr_blocks":[],"dns_entry":[{"dns_name":"vpce-0724de317f7032484-v9kkld78.ssmmessages.us-east-1.vpce.amazonaws.com","hosted_zone_id":"Z7HUB22UULQXV"},{"dns_name":"vpce-0724de317f7032484-v9kkld78-us-east-1b.ssmmessages.us-east-1.vpce.amazonaws.com","hosted_zone_id":"Z7HUB22UULQXV"},{"dns_name":"vpce-0724de317f7032484-v9kkld78-us-east-1a.ssmmessages.us-east-1.vpce.amazonaws.com","hosted_zone_id":"Z7HUB22UULQXV"},{"dns_name":"ssmmessages.us-east-1.amazonaws.com","hosted_zone_id":"Z0503318448JJBPPI664"}],"dns_options":[{"dns_record_ip_type":"ipv4","private_dns_only_for_inbound_resolver_endpoint":false}],"id":"vpce-0724de317f7032484","ip_address_type":"ipv4","network_interface_ids":["eni-02b72458d5a6211fd","eni-0eb7b5bc0be7a9d05"],"owner_id":"340752798936","policy":"{\"Statement\":[{\"Action\":\"*\",\"Effect\":\"Allow\",\"Principal\":\"*\",\"Resource\":\"*\"}]}","prefix_list_id":null,"private_dns_enabled":true,"region":"us-east-1","requester_managed":false,"resource_configuration_arn":"","route_table_ids":[],"security_group_ids":["sg-00035c284f3121cdc"],"service_name":"com.amazonaws.us-east-1.ssmmessages","service_network_arn":"","service_region":"us-east-1","state":"available","subnet_configuration":[{"ipv4":"10.67.1.248","ipv6":"","subnet_id":"subnet-042844248cbc6003d"},{"ipv4":"10.67.2.160","ipv6":"","subnet_id":"subnet-071807acaf986834e"}],"subnet_ids":["subnet-042844248cbc6003d","subnet-071807acaf986834e"],"tags":{"Name":"jmccoytesting-ssmmessages","Project":"tofu-learning"},"tags_all":{"Name":"jmccoytesting-ssmmessages","Project":"tofu-learning"},"timeouts":null,"vpc_endpoint_type":"Interface","vpc_id":"vpc-0a82dbbce15250eb2"},"sensitive_attributes":[],"private":"eyJlMmJmYjczMC1lY2FhLTExZTYtOGY4OC0zNDM2M2JjN2M0YzAiOnsiY3JlYXRlIjo2MDAwMDAwMDAwMDAsImRlbGV0ZSI6NjAwMDAwMDAwMDAwLCJ1cGRhdGUiOjYwMDAwMDAwMDAwMH19","dependencies":["module.networking.aws_security_group.jmccoytesting_ssm_sg","module.networking.aws_subnet.jmccoytesting_privatesubnet_a","module.networking.aws_subnet.jmccoytesting_privatesubnet_b","module.networking.aws_vpc.jmccoytesting_opentofu_vpc","module.networking.data.aws_availability_zones.standard","module.networking.data.aws_region.current"]}]},{"module":"module.networking","mode":"managed","type":"aws_vpc_peering_connection","name":"jmccoytesting_peer","provider":"provider[\"registry.opentofu.org/hashicorp/aws\"]","instances":[{"schema_version":0,"attributes":{"accept_status":"active","accepter":[{"allow_remote_vpc_dns_resolution":false}],"auto_accept":true,"id":"pcx-01ad178e6a27355c1","peer_owner_id":"340752798936","peer_region":"us-east-1","peer_vpc_id":"vpc-031bfafccd6c753ed","region":"us-east-1","requester":[{"allow_remote_vpc_dns_resolution":false}],"tags":{"Name":"peer-vpc-0a82dbbce15250eb2-\u003evpc-031bfafccd6c753ed","Project":"tofu-learning"},"tags_all":{"Name":"peer-vpc-0a82dbbce15250eb2-\u003evpc-031bfafccd6c753ed","Project":"tofu-learning"},"timeouts":null,"vpc_id":"vpc-0a82dbbce15250eb2"},"sensitive_attributes":[],"private":"eyJlMmJmYjczMC1lY2FhLTExZTYtOGY4OC0zNDM2M2JjN2M0YzAiOnsiY3JlYXRlIjo2MDAwMDAwMDAwMCwiZGVsZXRlIjo2MDAwMDAwMDAwMCwidXBkYXRlIjo2MDAwMDAwMDAwMH19","dependencies":["module.networking.aws_vpc.jmccoytesting_opentofu_vpc"]}]},{"module":"module.networking","mode":"managed","type":"aws_vpc_peering_connection_options","name":"jmccoytesting_peer_opt","provider":"provider[\"registry.opentofu.org/hashicorp/aws\"]","instances":[{"schema_version":0,"attributes":{"accepter":[{"allow_remote_vpc_dns_resolution":false}],"id":"pcx-01ad178e6a27355c1","region":"us-east-1","requester":[{"allow_remote_vpc_dns_resolution":false}],"vpc_peering_connection_id":"pcx-01ad178e6a27355c1"},"sensitive_attributes":[],"private":"bnVsbA==","dependencies":["module.networking.aws_vpc.jmccoytesting_opentofu_vpc","module.networking.aws_vpc_peering_connection.jmccoytesting_peer"]}]},{"module":"module.route53","mode":"managed","type":"aws_route53_resolver_endpoint","name":"jmccoytesting_outbound","provider":"provider[\"registry.opentofu.org/hashicorp/aws\"]","instances":[{"schema_version":0,"attributes":{"arn":"arn:aws:route53resolver:us-east-1:340752798936:resolver-endpoint/rslvr-out-9684871036064e278","direction":"OUTBOUND","host_vpc_id":"vpc-0a82dbbce15250eb2","id":"rslvr-out-9684871036064e278","ip_address":[{"ip":"10.67.1.201","ip_id":"rni-f6fddb0a624146389","ipv6":"","subnet_id":"subnet-042844248cbc6003d"},{"ip":"10.67.3.85","ip_id":"rni-f8f58567fb5b44908","ipv6":"","subnet_id":"subnet-071807acaf986834e"}],"name":"jmccoytesting-outbound-resolver","protocols":["Do53"],"region":"us-east-1","resolver_endpoint_type":"IPV4","security_group_ids":["sg-0baf6479d21733c3d"],"tags":{},"tags_all":{},"timeouts":null},"sensitive_attributes":[],"private":"eyJlMmJmYjczMC1lY2FhLTExZTYtOGY4OC0zNDM2M2JjN2M0YzAiOnsiY3JlYXRlIjo2MDAwMDAwMDAwMDAsImRlbGV0ZSI6NjAwMDAwMDAwMDAwLCJ1cGRhdGUiOjYwMDAwMDAwMDAwMH19","dependencies":["module.networking.aws_subnet.jmccoytesting_privatesubnet_a","module.networking.aws_subnet.jmccoytesting_privatesubnet_b","module.networking.aws_vpc.jmccoytesting_opentofu_vpc","module.networking.data.aws_availability_zones.standard","module.route53.aws_security_group.resolver_outbound_sg"]}]},{"module":"module.route53","mode":"managed","type":"aws_route53_resolver_rule","name":"jmccoytesting_rslvrRule","provider":"provider[\"registry.opentofu.org/hashicorp/aws\"]","instances":[{"schema_version":0,"attributes":{"arn":"arn:aws:route53resolver:us-east-1:340752798936:resolver-rule/rslvr-rr-201cb8fe9f9e47068","domain_name":"internal.jmccoy.com","id":"rslvr-rr-201cb8fe9f9e47068","name":"jmccoytesting_rslvrRule","owner_id":"340752798936","region":"us-east-1","resolver_endpoint_id":"rslvr-out-9684871036064e278","rule_type":"FORWARD","share_status":"NOT_SHARED","tags":{},"tags_all":{},"target_ip":[{"ip":"10.0.3.161","ipv6":"","port":53,"protocol":"Do53"},{"ip":"10.0.4.213","ipv6":"","port":53,"protocol":"Do53"}],"timeouts":null},"sensitive_attributes":[],"private":"eyJlMmJmYjczMC1lY2FhLTExZTYtOGY4OC0zNDM2M2JjN2M0YzAiOnsiY3JlYXRlIjo2MDAwMDAwMDAwMDAsImRlbGV0ZSI6NjAwMDAwMDAwMDAwLCJ1cGRhdGUiOjYwMDAwMDAwMDAwMH19","dependencies":["module.networking.aws_subnet.jmccoytesting_privatesubnet_a","module.networking.aws_subnet.jmccoytesting_privatesubnet_b","module.networking.aws_vpc.jmccoytesting_opentofu_vpc","module.networking.data.aws_availability_zones.standard","module.route53.aws_route53_resolver_endpoint.jmccoytesting_outbound","module.route53.aws_security_group.resolver_outbound_sg"]}]},{"module":"module.route53","mode":"managed","type":"aws_route53_resolver_rule_association","name":"fwd_assoc","provider":"provider[\"registry.opentofu.org/hashicorp/aws\"]","instances":[{"schema_version":0,"attributes":{"id":"rslvr-rrassoc-4701167f8fad47ad9","name":"","region":"us-east-1","resolver_rule_id":"rslvr-rr-201cb8fe9f9e47068","timeouts":null,"vpc_id":"vpc-0a82dbbce15250eb2"},"sensitive_attributes":[],"private":"eyJlMmJmYjczMC1lY2FhLTExZTYtOGY4OC0zNDM2M2JjN2M0YzAiOnsiY3JlYXRlIjo2MDAwMDAwMDAwMDAsImRlbGV0ZSI6NjAwMDAwMDAwMDAwfX0=","dependencies":["module.networking.aws_subnet.jmccoytesting_privatesubnet_a","module.networking.aws_subnet.jmccoytesting_privatesubnet_b","module.networking.aws_vpc.jmccoytesting_opentofu_vpc","module.networking.data.aws_availability_zones.standard","module.route53.aws_route53_resolver_endpoint.jmccoytesting_outbound","module.route53.aws_route53_resolver_rule.jmccoytesting_rslvrRule","module.route53.aws_security_group.resolver_outbound_sg"]}]},{"module":"module.route53","mode":"managed","type":"aws_security_group","name":"resolver_outbound_sg","provider":"provider[\"registry.opentofu.org/hashicorp/aws\"]","instances":[{"schema_version":1,"attributes":{"arn":"arn:aws:ec2:us-east-1:340752798936:security-group/sg-0baf6479d21733c3d","description":"SG for Route 53 OUTBOUND resolver endpoint","egress":[{"cidr_blocks":["0.0.0.0/0"],"description":"Allow TCP 53 to allowed destinations","from_port":53,"ipv6_cidr_blocks":[],"prefix_list_ids":[],"protocol":"tcp","security_groups":[],"self":false,"to_port":53},{"cidr_blocks":["0.0.0.0/0"],"description":"Allow UDP 53 to allowed destinations","from_port":53,"ipv6_cidr_blocks":[],"prefix_list_ids":[],"protocol":"udp","security_groups":[],"self":false,"to_port":53}],"id":"sg-0baf6479d21733c3d","ingress":[],"name":"resolver_outbound_sg","name_prefix":"","owner_id":"340752798936","region":"us-east-1","revoke_rules_on_delete":false,"tags":{},"tags_all":{},"timeouts":null,"vpc_id":"vpc-0a82dbbce15250eb2"},"sensitive_attributes":[],"private":"eyJlMmJmYjczMC1lY2FhLTExZTYtOGY4OC0zNDM2M2JjN2M0YzAiOnsiY3JlYXRlIjo2MDAwMDAwMDAwMDAsImRlbGV0ZSI6OTAwMDAwMDAwMDAwfSwic2NoZW1hX3ZlcnNpb24iOiIxIn0=","dependencies":["module.networking.aws_vpc.jmccoytesting_opentofu_vpc"]}]}],"check_results":null}
