{"version":4,"terraform_version":"1.10.6","serial":84,"lineage":"d0c2035c-59ba-24f4-14e4-ac585dbfa705","outputs":{"azs_used":{"value":{"a":"us-east-1a","b":"us-east-1b"},"type":["object",{"a":"string","b":"string"}]},"private_subnet":{"value":["subnet-005072ecb6d56b533","subnet-009b277f628ed7fb7"],"type":["tuple",["string","string"]]},"ssm_instance_profile_name":{"value":"jmccoy-ssm-role","type":"string"},"ssm_role_name":{"value":"jmccoy-ssm-role","type":"string"},"vpc_id":{"value":"vpc-0ffca7cd4f84dccd0","type":"string"}},"resources":[{"mode":"data","type":"aws_partition","name":"current","provider":"provider[\"registry.opentofu.org/hashicorp/aws\"]","instances":[{"schema_version":0,"attributes":{"dns_suffix":"amazonaws.com","id":"aws","partition":"aws","reverse_dns_prefix":"com.amazonaws"},"sensitive_attributes":[]}]},{"mode":"managed","type":"aws_iam_instance_profile","name":"jmccoy_ssm_profile","provider":"provider[\"registry.opentofu.org/hashicorp/aws\"]","instances":[{"schema_version":0,"attributes":{"arn":"arn:aws:iam::340752798936:instance-profile/jmccoy-ssm-role","create_date":"2025-09-07T19:57:15Z","id":"jmccoy-ssm-role","name":"jmccoy-ssm-role","name_prefix":"","path":"/","role":"jmccoy-ssm-role","tags":{},"tags_all":{},"unique_id":"AIPAU6VTTCTMA57WA7GGO"},"sensitive_attributes":[],"private":"bnVsbA==","dependencies":["aws_iam_role.jmccoy_ssm_role"]}]},{"mode":"managed","type":"aws_iam_role","name":"jmccoy_ssm_role","provider":"provider[\"registry.opentofu.org/hashicorp/aws\"]","instances":[{"schema_version":0,"attributes":{"arn":"arn:aws:iam::340752798936:role/jmccoy-ssm-role","assume_role_policy":"{\"Statement\":[{\"Action\":\"sts:AssumeRole\",\"Effect\":\"Allow\",\"Principal\":{\"Service\":\"ec2.amazonaws.com\"}}],\"Version\":\"2012-10-17\"}","create_date":"2025-09-07T19:57:15Z","description":"","force_detach_policies":false,"id":"jmccoy-ssm-role","inline_policy":[],"managed_policy_arns":["arn:aws:iam::aws:policy/AmazonS3FullAccess","arn:aws:iam::aws:policy/AmazonSSMManagedInstanceCore"],"max_session_duration":3600,"name":"jmccoy-ssm-role","name_prefix":"","path":"/","permissions_boundary":"","tags":{"Project":"tofu-learning"},"tags_all":{"Project":"tofu-learning"},"unique_id":"AROAU6VTTCTMNEHY2DSSR"},"sensitive_attributes":[],"private":"bnVsbA=="}]},{"mode":"managed","type":"aws_iam_role_policy_attachment","name":"s3_attach","provider":"provider[\"registry.opentofu.org/hashicorp/aws\"]","instances":[{"schema_version":0,"attributes":{"id":"jmccoy-ssm-role/arn:aws:iam::aws:policy/AmazonS3FullAccess","policy_arn":"arn:aws:iam::aws:policy/AmazonS3FullAccess","role":"jmccoy-ssm-role"},"sensitive_attributes":[],"private":"bnVsbA==","dependencies":["aws_iam_role.jmccoy_ssm_role","data.aws_partition.current"]}]},{"mode":"managed","type":"aws_iam_role_policy_attachment","name":"ssm_core_attach","provider":"provider[\"registry.opentofu.org/hashicorp/aws\"]","instances":[{"schema_version":0,"attributes":{"id":"jmccoy-ssm-role/arn:aws:iam::aws:policy/AmazonSSMManagedInstanceCore","policy_arn":"arn:aws:iam::aws:policy/AmazonSSMManagedInstanceCore","role":"jmccoy-ssm-role"},"sensitive_attributes":[],"private":"bnVsbA==","dependencies":["aws_iam_role.jmccoy_ssm_role","data.aws_partition.current"]}]},{"module":"module.compute","mode":"data","type":"aws_ssm_parameter","name":"al2023","provider":"provider[\"registry.opentofu.org/hashicorp/aws\"]","instances":[{"schema_version":0,"attributes":{"arn":"arn:aws:ssm:us-east-1::parameter/aws/service/ami-amazon-linux-latest/al2023-ami-kernel-6.1-x86_64","id":"/aws/service/ami-amazon-linux-latest/al2023-ami-kernel-6.1-x86_64","insecure_value":"ami-00ca32bbc84273381","name":"/aws/service/ami-amazon-linux-latest/al2023-ami-kernel-6.1-x86_64","region":"us-east-1","type":"String","value":"ami-00ca32bbc84273381","version":128,"with_decryption":true},"sensitive_attributes":[]}]},{"module":"module.compute","mode":"data","type":"aws_ssm_parameter","name":"win2019","provider":"provider[\"registry.opentofu.org/hashicorp/aws\"]","instances":[{"schema_version":0,"attributes":{"arn":"arn:aws:ssm:us-east-1::parameter/aws/service/ami-windows-latest/Windows_Server-2019-English-Full-Base","id":"/aws/service/ami-windows-latest/Windows_Server-2019-English-Full-Base","insecure_value":"ami-043cf96255cd85b98","name":"/aws/service/ami-windows-latest/Windows_Server-2019-English-Full-Base","region":"us-east-1","type":"String","value":"ami-043cf96255cd85b98","version":93,"with_decryption":true},"sensitive_attributes":[]}]},{"module":"module.compute","mode":"managed","type":"aws_instance","name":"jmccoytesting_ec2_linux","provider":"provider[\"registry.opentofu.org/hashicorp/aws\"]","instances":[{"schema_version":2,"attributes":{"ami":"ami-00ca32bbc84273381","arn":"arn:aws:ec2:us-east-1:340752798936:instance/i-075193e1985f7190a","associate_public_ip_address":false,"availability_zone":"us-east-1a","capacity_reservation_specification":[{"capacity_reservation_preference":"open","capacity_reservation_target":[]}],"cpu_options":[{"amd_sev_snp":"","core_count":1,"threads_per_core":2}],"credit_specification":[{"cpu_credits":"unlimited"}],"disable_api_stop":false,"disable_api_termination":false,"ebs_block_device":[],"ebs_optimized":false,"enable_primary_ipv6":null,"enclave_options":[{"enabled":false}],"ephemeral_block_device":[],"force_destroy":false,"get_password_data":false,"hibernation":false,"host_id":"","host_resource_group_arn":null,"iam_instance_profile":"jmccoy-ssm-role","id":"i-075193e1985f7190a","instance_initiated_shutdown_behavior":"stop","instance_lifecycle":"","instance_market_options":[],"instance_state":"running","instance_type":"t3.medium","ipv6_address_count":0,"ipv6_addresses":[],"key_name":"jmccoytest","launch_template":[],"maintenance_options":[{"auto_recovery":"default"}],"metadata_options":[{"http_endpoint":"enabled","http_protocol_ipv6":"disabled","http_put_response_hop_limit":2,"http_tokens":"required","instance_metadata_tags":"disabled"}],"monitoring":false,"network_interface":[],"outpost_arn":"","password_data":"","placement_group":"","placement_group_id":"","placement_partition_number":0,"primary_network_interface":[{"delete_on_termination":true,"network_interface_id":"eni-0401f8a4ea23a589b"}],"primary_network_interface_id":"eni-0401f8a4ea23a589b","private_dns":"ip-10-67-0-175.ec2.internal","private_dns_name_options":[{"enable_resource_name_dns_a_record":false,"enable_resource_name_dns_aaaa_record":false,"hostname_type":"ip-name"}],"private_ip":"10.67.0.175","public_dns":"","public_ip":"","region":"us-east-1","root_block_device":[{"delete_on_termination":true,"device_name":"/dev/xvda","encrypted":false,"iops":3000,"kms_key_id":"","tags":{},"tags_all":{},"throughput":125,"volume_id":"vol-09de6a76a0599daf3","volume_size":8,"volume_type":"gp3"}],"secondary_private_ips":[],"security_groups":[],"source_dest_check":true,"spot_instance_request_id":"","subnet_id":"subnet-005072ecb6d56b533","tags":{"Name":"jmccoytesting_ec2_linux"},"tags_all":{"Name":"jmccoytesting_ec2_linux"},"tenancy":"default","timeouts":null,"user_data":null,"user_data_base64":null,"user_data_replace_on_change":false,"volume_tags":null,"vpc_security_group_ids":["sg-0a16b407eb3435fbf"]},"sensitive_attributes":[[{"type":"get_attr","value":"ami"}]],"private":"eyJlMmJmYjczMC1lY2FhLTExZTYtOGY4OC0zNDM2M2JjN2M0YzAiOnsiY3JlYXRlIjo2MDAwMDAwMDAwMDAsImRlbGV0ZSI6MTIwMDAwMDAwMDAwMCwicmVhZCI6OTAwMDAwMDAwMDAwLCJ1cGRhdGUiOjYwMDAwMDAwMDAwMH0sInNjaGVtYV92ZXJzaW9uIjoiMiJ9","dependencies":["module.compute.aws_security_group.jmccoytesting_ec2_linux","module.compute.data.aws_ssm_parameter.al2023","module.networking.aws_subnet.jmccoytesting_privatesubnet_a","module.networking.aws_vpc.jmccoytesting_opentofu_vpc","module.networking.data.aws_availability_zones.standard"]}]},{"module":"module.compute","mode":"managed","type":"aws_instance","name":"jmccoytesting_ec2_windows","provider":"provider[\"registry.opentofu.org/hashicorp/aws\"]","instances":[{"schema_version":2,"attributes":{"ami":"ami-043cf96255cd85b98","arn":"arn:aws:ec2:us-east-1:340752798936:instance/i-0215abcb1911edca7","associate_public_ip_address":false,"availability_zone":"us-east-1b","capacity_reservation_specification":[{"capacity_reservation_preference":"open","capacity_reservation_target":[]}],"cpu_options":[{"amd_sev_snp":"","core_count":1,"threads_per_core":2}],"credit_specification":[{"cpu_credits":"unlimited"}],"disable_api_stop":false,"disable_api_termination":false,"ebs_block_device":[],"ebs_optimized":false,"enable_primary_ipv6":null,"enclave_options":[{"enabled":false}],"ephemeral_block_device":[],"force_destroy":false,"get_password_data":false,"hibernation":false,"host_id":"","host_resource_group_arn":null,"iam_instance_profile":"jmccoy-ssm-role","id":"i-0215abcb1911edca7","instance_initiated_shutdown_behavior":"stop","instance_lifecycle":"","instance_market_options":[],"instance_state":"running","instance_type":"t3.medium","ipv6_address_count":0,"ipv6_addresses":[],"key_name":"jmccoytest","launch_template":[],"maintenance_options":[{"auto_recovery":"default"}],"metadata_options":[{"http_endpoint":"enabled","http_protocol_ipv6":"disabled","http_put_response_hop_limit":1,"http_tokens":"optional","instance_metadata_tags":"disabled"}],"monitoring":false,"network_interface":[],"outpost_arn":"","password_data":"","placement_group":"","placement_group_id":"","placement_partition_number":0,"primary_network_interface":[{"delete_on_termination":true,"network_interface_id":"eni-0230f274efa844cda"}],"primary_network_interface_id":"eni-0230f274efa844cda","private_dns":"ip-10-67-3-71.ec2.internal","private_dns_name_options":[{"enable_resource_name_dns_a_record":false,"enable_resource_name_dns_aaaa_record":false,"hostname_type":"ip-name"}],"private_ip":"10.67.3.71","public_dns":"","public_ip":"","region":"us-east-1","root_block_device":[{"delete_on_termination":true,"device_name":"/dev/sda1","encrypted":false,"iops":100,"kms_key_id":"","tags":{},"tags_all":{},"throughput":0,"volume_id":"vol-0f9791f3f73eb7065","volume_size":30,"volume_type":"gp2"}],"secondary_private_ips":[],"security_groups":[],"source_dest_check":true,"spot_instance_request_id":"","subnet_id":"subnet-009b277f628ed7fb7","tags":{"Name":"jmccoytesting-ec2-windows"},"tags_all":{"Name":"jmccoytesting-ec2-windows"},"tenancy":"default","timeouts":null,"user_data":null,"user_data_base64":null,"user_data_replace_on_change":false,"volume_tags":null,"vpc_security_group_ids":["sg-020ed93abc94f9849"]},"sensitive_attributes":[[{"type":"get_attr","value":"ami"}]],"private":"eyJlMmJmYjczMC1lY2FhLTExZTYtOGY4OC0zNDM2M2JjN2M0YzAiOnsiY3JlYXRlIjo2MDAwMDAwMDAwMDAsImRlbGV0ZSI6MTIwMDAwMDAwMDAwMCwicmVhZCI6OTAwMDAwMDAwMDAwLCJ1cGRhdGUiOjYwMDAwMDAwMDAwMH0sInNjaGVtYV92ZXJzaW9uIjoiMiJ9","dependencies":["module.compute.aws_security_group.jmccoytesting_ec2_windows","module.compute.data.aws_ssm_parameter.win2019","module.networking.aws_subnet.jmccoytesting_privatesubnet_b","module.networking.aws_vpc.jmccoytesting_opentofu_vpc","module.networking.data.aws_availability_zones.standard"]}]},{"module":"module.compute","mode":"managed","type":"aws_security_group","name":"jmccoytesting_ec2_linux","provider":"provider[\"registry.opentofu.org/hashicorp/aws\"]","instances":[{"schema_version":1,"attributes":{"arn":"arn:aws:ec2:us-east-1:340752798936:security-group/sg-0a16b407eb3435fbf","description":"Linux EC2: SSH from admin IP","egress":[{"cidr_blocks":["0.0.0.0/0"],"description":"All egress","from_port":0,"ipv6_cidr_blocks":[],"prefix_list_ids":[],"protocol":"-1","security_groups":[],"self":false,"to_port":0}],"id":"sg-0a16b407eb3435fbf","ingress":[{"cidr_blocks":["73.60.225.63/32"],"description":"SSH from admin IP","from_port":22,"ipv6_cidr_blocks":[],"prefix_list_ids":[],"protocol":"tcp","security_groups":[],"self":false,"to_port":22}],"name":"jmccoytesting_ec2_linux","name_prefix":"","owner_id":"340752798936","region":"us-east-1","revoke_rules_on_delete":false,"tags":{"Name":"jmccoytesting_ec2_linux"},"tags_all":{"Name":"jmccoytesting_ec2_linux"},"timeouts":null,"vpc_id":"vpc-0ffca7cd4f84dccd0"},"sensitive_attributes":[],"private":"eyJlMmJmYjczMC1lY2FhLTExZTYtOGY4OC0zNDM2M2JjN2M0YzAiOnsiY3JlYXRlIjo2MDAwMDAwMDAwMDAsImRlbGV0ZSI6OTAwMDAwMDAwMDAwfSwic2NoZW1hX3ZlcnNpb24iOiIxIn0=","dependencies":["module.networking.aws_vpc.jmccoytesting_opentofu_vpc"]}]},{"module":"module.compute","mode":"managed","type":"aws_security_group","name":"jmccoytesting_ec2_windows","provider":"provider[\"registry.opentofu.org/hashicorp/aws\"]","instances":[{"schema_version":1,"attributes":{"arn":"arn:aws:ec2:us-east-1:340752798936:security-group/sg-020ed93abc94f9849","description":"Windows EC2: RDP from admin IP","egress":[{"cidr_blocks":["0.0.0.0/0"],"description":"All egress","from_port":0,"ipv6_cidr_blocks":[],"prefix_list_ids":[],"protocol":"-1","security_groups":[],"self":false,"to_port":0}],"id":"sg-020ed93abc94f9849","ingress":[{"cidr_blocks":["73.60.225.63/32"],"description":"RDP from admin IP","from_port":3389,"ipv6_cidr_blocks":[],"prefix_list_ids":[],"protocol":"tcp","security_groups":[],"self":false,"to_port":3389}],"name":"jmccoytesting_ec2_windows","name_prefix":"","owner_id":"340752798936","region":"us-east-1","revoke_rules_on_delete":false,"tags":{"Name":"jmccoytesting_ec2_windows"},"tags_all":{"Name":"jmccoytesting_ec2_windows"},"timeouts":null,"vpc_id":"vpc-0ffca7cd4f84dccd0"},"sensitive_attributes":[],"private":"eyJlMmJmYjczMC1lY2FhLTExZTYtOGY4OC0zNDM2M2JjN2M0YzAiOnsiY3JlYXRlIjo2MDAwMDAwMDAwMDAsImRlbGV0ZSI6OTAwMDAwMDAwMDAwfSwic2NoZW1hX3ZlcnNpb24iOiIxIn0=","dependencies":["module.networking.aws_vpc.jmccoytesting_opentofu_vpc"]}]},{"module":"module.networking","mode":"data","type":"aws_availability_zones","name":"standard","provider":"provider[\"registry.opentofu.org/hashicorp/aws\"]","instances":[{"schema_version":0,"attributes":{"all_availability_zones":null,"exclude_names":null,"exclude_zone_ids":null,"filter":[{"name":"opt-in-status","values":["opt-in-not-required"]},{"name":"zone-type","values":["availability-zone"]}],"group_names":["us-east-1-zg-1"],"id":"us-east-1","names":["us-east-1a","us-east-1b","us-east-1c","us-east-1d","us-east-1e","us-east-1f"],"region":"us-east-1","state":"available","timeouts":null,"zone_ids":["use1-az1","use1-az2","use1-az4","use1-az6","use1-az3","use1-az5"]},"sensitive_attributes":[]}]},{"module":"module.networking","mode":"data","type":"aws_region","name":"current","provider":"provider[\"registry.opentofu.org/hashicorp/aws\"]","instances":[{"schema_version":0,"attributes":{"description":"US East (N. Virginia)","endpoint":"ec2.us-east-1.amazonaws.com","id":"us-east-1","name":"us-east-1","region":"us-east-1"},"sensitive_attributes":[]}]},{"module":"module.networking","mode":"data","type":"aws_region","name":"current_s3","provider":"provider[\"registry.opentofu.org/hashicorp/aws\"]","instances":[{"schema_version":0,"attributes":{"description":"US East (N. Virginia)","endpoint":"ec2.us-east-1.amazonaws.com","id":"us-east-1","name":"us-east-1","region":"us-east-1"},"sensitive_attributes":[]}]},{"module":"module.networking","mode":"data","type":"aws_vpc","name":"peer","provider":"provider[\"registry.opentofu.org/hashicorp/aws\"]","instances":[{"schema_version":0,"attributes":{"arn":"arn:aws:ec2:us-east-1:340752798936:vpc/vpc-031bfafccd6c753ed","cidr_block":"10.0.0.0/16","cidr_block_associations":[{"association_id":"vpc-cidr-assoc-0610a45fc6cc0bd73","cidr_block":"10.0.0.0/16","state":"associated"}],"default":false,"dhcp_options_id":"dopt-09970e22ad764d0f6","enable_dns_hostnames":true,"enable_dns_support":true,"enable_network_address_usage_metrics":false,"filter":null,"id":"vpc-031bfafccd6c753ed","instance_tenancy":"default","ipv6_association_id":"","ipv6_cidr_block":"","main_route_table_id":"rtb-0b1d06fd47b0a4669","owner_id":"340752798936","region":"us-east-1","state":null,"tags":{"Name":"workspaces-vpc","env_test":"Msteen"},"timeouts":null},"sensitive_attributes":[]}]},{"module":"module.networking","mode":"data","type":"aws_vpc","name":"workspaces-vpc","provider":"provider[\"registry.opentofu.org/hashicorp/aws\"]","instances":[{"schema_version":0,"attributes":{"arn":"arn:aws:ec2:us-east-1:340752798936:vpc/vpc-031bfafccd6c753ed","cidr_block":"10.0.0.0/16","cidr_block_associations":[{"association_id":"vpc-cidr-assoc-0610a45fc6cc0bd73","cidr_block":"10.0.0.0/16","state":"associated"}],"default":false,"dhcp_options_id":"dopt-09970e22ad764d0f6","enable_dns_hostnames":true,"enable_dns_support":true,"enable_network_address_usage_metrics":false,"filter":null,"id":"vpc-031bfafccd6c753ed","instance_tenancy":"default","ipv6_association_id":"","ipv6_cidr_block":"","main_route_table_id":"rtb-0b1d06fd47b0a4669","owner_id":"340752798936","region":"us-east-1","state":null,"tags":{"Name":"workspaces-vpc","env_test":"Msteen"},"timeouts":null},"sensitive_attributes":[]}]},{"module":"module.networking","mode":"managed","type":"aws_eip","name":"jmccoytesting_eip_a","provider":"provider[\"registry.opentofu.org/hashicorp/aws\"]","instances":[{"schema_version":0,"attributes":{"address":null,"allocation_id":"eipalloc-0730a0e4fa67f8d27","arn":"arn:aws:ec2:us-east-1:340752798936:elastic-ip/eipalloc-0730a0e4fa67f8d27","associate_with_private_ip":null,"association_id":"eipassoc-012d1c3a557eea6d5","carrier_ip":"","customer_owned_ip":"","customer_owned_ipv4_pool":"","domain":"vpc","id":"eipalloc-0730a0e4fa67f8d27","instance":"","ipam_pool_id":null,"network_border_group":"us-east-1","network_interface":"eni-06cfcdf98c0d3d8b9","private_dns":"ip-10-67-4-20.ec2.internal","private_ip":"10.67.4.20","ptr_record":"","public_dns":"ec2-54-80-5-87.compute-1.amazonaws.com","public_ip":"54.80.5.87","public_ipv4_pool":"amazon","region":"us-east-1","tags":{"Name":"jmccoytesting_eip_a","Project":"tofu-learning"},"tags_all":{"Name":"jmccoytesting_eip_a","Project":"tofu-learning"},"timeouts":null},"sensitive_attributes":[],"private":"eyJlMmJmYjczMC1lY2FhLTExZTYtOGY4OC0zNDM2M2JjN2M0YzAiOnsiZGVsZXRlIjoxODAwMDAwMDAwMDAsInJlYWQiOjkwMDAwMDAwMDAwMCwidXBkYXRlIjozMDAwMDAwMDAwMDB9fQ=="}]},{"module":"module.networking","mode":"managed","type":"aws_eip","name":"jmccoytesting_eip_b","provider":"provider[\"registry.opentofu.org/hashicorp/aws\"]","instances":[{"schema_version":0,"attributes":{"address":null,"allocation_id":"eipalloc-09417079dc6f52929","arn":"arn:aws:ec2:us-east-1:340752798936:elastic-ip/eipalloc-09417079dc6f52929","associate_with_private_ip":null,"association_id":"eipassoc-091967b1759968794","carrier_ip":"","customer_owned_ip":"","customer_owned_ipv4_pool":"","domain":"vpc","id":"eipalloc-09417079dc6f52929","instance":"","ipam_pool_id":null,"network_border_group":"us-east-1","network_interface":"eni-070ee7d1995971b00","private_dns":"ip-10-67-7-123.ec2.internal","private_ip":"10.67.7.123","ptr_record":"","public_dns":"ec2-44-205-31-0.compute-1.amazonaws.com","public_ip":"44.205.31.0","public_ipv4_pool":"amazon","region":"us-east-1","tags":{"Name":"jmccoytesting_eip_b","Project":"tofu-learning"},"tags_all":{"Name":"jmccoytesting_eip_b","Project":"tofu-learning"},"timeouts":null},"sensitive_attributes":[],"private":"eyJlMmJmYjczMC1lY2FhLTExZTYtOGY4OC0zNDM2M2JjN2M0YzAiOnsiZGVsZXRlIjoxODAwMDAwMDAwMDAsInJlYWQiOjkwMDAwMDAwMDAwMCwidXBkYXRlIjozMDAwMDAwMDAwMDB9fQ=="}]},{"module":"module.networking","mode":"managed","type":"aws_internet_gateway","name":"jmccoy_opentofu_igw","provider":"provider[\"registry.opentofu.org/hashicorp/aws\"]","instances":[{"schema_version":0,"attributes":{"arn":"arn:aws:ec2:us-east-1:340752798936:internet-gateway/igw-01fbeec90c24317eb","id":"igw-01fbeec90c24317eb","owner_id":"340752798936","region":"us-east-1","tags":{"Name":"jmccoy_opentofu_igw","Project":"tofu-learning"},"tags_all":{"Name":"jmccoy_opentofu_igw","Project":"tofu-learning"},"timeouts":null,"vpc_id":"vpc-0ffca7cd4f84dccd0"},"sensitive_attributes":[],"private":"eyJlMmJmYjczMC1lY2FhLTExZTYtOGY4OC0zNDM2M2JjN2M0YzAiOnsiY3JlYXRlIjoxMjAwMDAwMDAwMDAwLCJkZWxldGUiOjEyMDAwMDAwMDAwMDAsInVwZGF0ZSI6MTIwMDAwMDAwMDAwMH19","dependencies":["module.networking.aws_vpc.jmccoytesting_opentofu_vpc"]}]},{"module":"module.networking","mode":"managed","type":"aws_nat_gateway","name":"jmccoytesting_natgw_a","provider":"provider[\"registry.opentofu.org/hashicorp/aws\"]","instances":[{"schema_version":0,"attributes":{"allocation_id":"eipalloc-0730a0e4fa67f8d27","association_id":"eipassoc-012d1c3a557eea6d5","connectivity_type":"public","id":"nat-07e2f5684a3298e79","network_interface_id":"eni-06cfcdf98c0d3d8b9","private_ip":"10.67.4.20","public_ip":"54.80.5.87","region":"us-east-1","secondary_allocation_ids":[],"secondary_private_ip_address_count":0,"secondary_private_ip_addresses":[],"subnet_id":"subnet-02a393a24c0b00419","tags":{"Name":"jmccoytesting_natgw_a","Project":"tofu-learning"},"tags_all":{"Name":"jmccoytesting_natgw_a","Project":"tofu-learning"},"timeouts":null},"sensitive_attributes":[],"private":"eyJlMmJmYjczMC1lY2FhLTExZTYtOGY4OC0zNDM2M2JjN2M0YzAiOnsiY3JlYXRlIjo2MDAwMDAwMDAwMDAsImRlbGV0ZSI6MTgwMDAwMDAwMDAwMCwidXBkYXRlIjo2MDAwMDAwMDAwMDB9fQ==","dependencies":["module.networking.aws_eip.jmccoytesting_eip_a","module.networking.aws_internet_gateway.jmccoy_opentofu_igw","module.networking.aws_subnet.jmccoytesting_publicsubnet_a","module.networking.aws_vpc.jmccoytesting_opentofu_vpc","module.networking.data.aws_availability_zones.standard"]}]},{"module":"module.networking","mode":"managed","type":"aws_nat_gateway","name":"jmccoytesting_natgw_b","provider":"provider[\"registry.opentofu.org/hashicorp/aws\"]","instances":[{"schema_version":0,"attributes":{"allocation_id":"eipalloc-09417079dc6f52929","association_id":"eipassoc-091967b1759968794","connectivity_type":"public","id":"nat-014fdf97d70c0624c","network_interface_id":"eni-070ee7d1995971b00","private_ip":"10.67.7.123","public_ip":"44.205.31.0","region":"us-east-1","secondary_allocation_ids":[],"secondary_private_ip_address_count":0,"secondary_private_ip_addresses":[],"subnet_id":"subnet-0100b560671330bcc","tags":{"Name":"jmccoytesting_natgw_b","Project":"tofu-learning"},"tags_all":{"Name":"jmccoytesting_natgw_b","Project":"tofu-learning"},"timeouts":null},"sensitive_attributes":[],"private":"eyJlMmJmYjczMC1lY2FhLTExZTYtOGY4OC0zNDM2M2JjN2M0YzAiOnsiY3JlYXRlIjo2MDAwMDAwMDAwMDAsImRlbGV0ZSI6MTgwMDAwMDAwMDAwMCwidXBkYXRlIjo2MDAwMDAwMDAwMDB9fQ==","dependencies":["module.networking.aws_eip.jmccoytesting_eip_b","module.networking.aws_internet_gateway.jmccoy_opentofu_igw","module.networking.aws_subnet.jmccoytesting_publicsubnet_b","module.networking.aws_vpc.jmccoytesting_opentofu_vpc","module.networking.data.aws_availability_zones.standard"]}]},{"module":"module.networking","mode":"managed","type":"aws_route","name":"jmccoytesting_private_a_default","provider":"provider[\"registry.opentofu.org/hashicorp/aws\"]","instances":[{"schema_version":0,"attributes":{"carrier_gateway_id":"","core_network_arn":"","destination_cidr_block":"0.0.0.0/0","destination_ipv6_cidr_block":"","destination_prefix_list_id":"","egress_only_gateway_id":"","gateway_id":"","id":"r-rtb-02499c443f2495f071080289494","instance_id":"","instance_owner_id":"","local_gateway_id":"","nat_gateway_id":"nat-07e2f5684a3298e79","network_interface_id":"","origin":"CreateRoute","region":"us-east-1","route_table_id":"rtb-02499c443f2495f07","state":"active","timeouts":null,"transit_gateway_id":"","vpc_endpoint_id":"","vpc_peering_connection_id":""},"sensitive_attributes":[],"private":"eyJlMmJmYjczMC1lY2FhLTExZTYtOGY4OC0zNDM2M2JjN2M0YzAiOnsiY3JlYXRlIjozMDAwMDAwMDAwMDAsImRlbGV0ZSI6MzAwMDAwMDAwMDAwLCJ1cGRhdGUiOjEyMDAwMDAwMDAwMH19","dependencies":["module.networking.aws_eip.jmccoytesting_eip_a","module.networking.aws_internet_gateway.jmccoy_opentofu_igw","module.networking.aws_nat_gateway.jmccoytesting_natgw_a","module.networking.aws_route_table.jmccoytesting_private_a","module.networking.aws_subnet.jmccoytesting_publicsubnet_a","module.networking.aws_vpc.jmccoytesting_opentofu_vpc","module.networking.data.aws_availability_zones.standard"]}]},{"module":"module.networking","mode":"managed","type":"aws_route","name":"jmccoytesting_private_b_default","provider":"provider[\"registry.opentofu.org/hashicorp/aws\"]","instances":[{"schema_version":0,"attributes":{"carrier_gateway_id":"","core_network_arn":"","destination_cidr_block":"0.0.0.0/0","destination_ipv6_cidr_block":"","destination_prefix_list_id":"","egress_only_gateway_id":"","gateway_id":"","id":"r-rtb-0b386b719b678129e1080289494","instance_id":"","instance_owner_id":"","local_gateway_id":"","nat_gateway_id":"nat-014fdf97d70c0624c","network_interface_id":"","origin":"CreateRoute","region":"us-east-1","route_table_id":"rtb-0b386b719b678129e","state":"active","timeouts":null,"transit_gateway_id":"","vpc_endpoint_id":"","vpc_peering_connection_id":""},"sensitive_attributes":[],"private":"eyJlMmJmYjczMC1lY2FhLTExZTYtOGY4OC0zNDM2M2JjN2M0YzAiOnsiY3JlYXRlIjozMDAwMDAwMDAwMDAsImRlbGV0ZSI6MzAwMDAwMDAwMDAwLCJ1cGRhdGUiOjEyMDAwMDAwMDAwMH19","dependencies":["module.networking.aws_eip.jmccoytesting_eip_b","module.networking.aws_internet_gateway.jmccoy_opentofu_igw","module.networking.aws_nat_gateway.jmccoytesting_natgw_b","module.networking.aws_route_table.jmccoytesting_private_b","module.networking.aws_subnet.jmccoytesting_publicsubnet_b","module.networking.aws_vpc.jmccoytesting_opentofu_vpc","module.networking.data.aws_availability_zones.standard"]}]},{"module":"module.networking","mode":"managed","type":"aws_route","name":"jmccoytesting_public_default","provider":"provider[\"registry.opentofu.org/hashicorp/aws\"]","instances":[{"schema_version":0,"attributes":{"carrier_gateway_id":"","core_network_arn":"","destination_cidr_block":"0.0.0.0/0","destination_ipv6_cidr_block":"","destination_prefix_list_id":"","egress_only_gateway_id":"","gateway_id":"igw-01fbeec90c24317eb","id":"r-rtb-02a3c478036bb0bf91080289494","instance_id":"","instance_owner_id":"","local_gateway_id":"","nat_gateway_id":"","network_interface_id":"","origin":"CreateRoute","region":"us-east-1","route_table_id":"rtb-02a3c478036bb0bf9","state":"active","timeouts":null,"transit_gateway_id":"","vpc_endpoint_id":"","vpc_peering_connection_id":""},"sensitive_attributes":[],"private":"eyJlMmJmYjczMC1lY2FhLTExZTYtOGY4OC0zNDM2M2JjN2M0YzAiOnsiY3JlYXRlIjozMDAwMDAwMDAwMDAsImRlbGV0ZSI6MzAwMDAwMDAwMDAwLCJ1cGRhdGUiOjEyMDAwMDAwMDAwMH19","dependencies":["module.networking.aws_internet_gateway.jmccoy_opentofu_igw","module.networking.aws_route_table.jmccoytesting_public","module.networking.aws_vpc.jmccoytesting_opentofu_vpc"]}]},{"module":"module.networking","mode":"managed","type":"aws_route","name":"to_peer_private_a","provider":"provider[\"registry.opentofu.org/hashicorp/aws\"]","instances":[{"schema_version":0,"attributes":{"carrier_gateway_id":"","core_network_arn":"","destination_cidr_block":"10.0.0.0/16","destination_ipv6_cidr_block":"","destination_prefix_list_id":"","egress_only_gateway_id":"","gateway_id":"","id":"r-rtb-02499c443f2495f07179966490","instance_id":"","instance_owner_id":"","local_gateway_id":"","nat_gateway_id":"","network_interface_id":"","origin":"CreateRoute","region":"us-east-1","route_table_id":"rtb-02499c443f2495f07","state":"active","timeouts":null,"transit_gateway_id":"","vpc_endpoint_id":"","vpc_peering_connection_id":"pcx-05afe876cf31df87b"},"sensitive_attributes":[],"private":"eyJlMmJmYjczMC1lY2FhLTExZTYtOGY4OC0zNDM2M2JjN2M0YzAiOnsiY3JlYXRlIjozMDAwMDAwMDAwMDAsImRlbGV0ZSI6MzAwMDAwMDAwMDAwLCJ1cGRhdGUiOjEyMDAwMDAwMDAwMH19","dependencies":["module.networking.aws_route_table.jmccoytesting_private_a","module.networking.aws_vpc.jmccoytesting_opentofu_vpc","module.networking.aws_vpc_peering_connection.jmccoytesting_peer","module.networking.data.aws_vpc.peer"]}]},{"module":"module.networking","mode":"managed","type":"aws_route","name":"to_peer_private_b","provider":"provider[\"registry.opentofu.org/hashicorp/aws\"]","instances":[{"schema_version":0,"attributes":{"carrier_gateway_id":"","core_network_arn":"","destination_cidr_block":"10.0.0.0/16","destination_ipv6_cidr_block":"","destination_prefix_list_id":"","egress_only_gateway_id":"","gateway_id":"","id":"r-rtb-0b386b719b678129e179966490","instance_id":"","instance_owner_id":"","local_gateway_id":"","nat_gateway_id":"","network_interface_id":"","origin":"CreateRoute","region":"us-east-1","route_table_id":"rtb-0b386b719b678129e","state":"active","timeouts":null,"transit_gateway_id":"","vpc_endpoint_id":"","vpc_peering_connection_id":"pcx-05afe876cf31df87b"},"sensitive_attributes":[],"private":"eyJlMmJmYjczMC1lY2FhLTExZTYtOGY4OC0zNDM2M2JjN2M0YzAiOnsiY3JlYXRlIjozMDAwMDAwMDAwMDAsImRlbGV0ZSI6MzAwMDAwMDAwMDAwLCJ1cGRhdGUiOjEyMDAwMDAwMDAwMH19","dependencies":["module.networking.aws_route_table.jmccoytesting_private_b","module.networking.aws_vpc.jmccoytesting_opentofu_vpc","module.networking.aws_vpc_peering_connection.jmccoytesting_peer","module.networking.data.aws_vpc.peer"]}]},{"module":"module.networking","mode":"managed","type":"aws_route_table","name":"jmccoytesting_private_a","provider":"provider[\"registry.opentofu.org/hashicorp/aws\"]","instances":[{"schema_version":0,"attributes":{"arn":"arn:aws:ec2:us-east-1:340752798936:route-table/rtb-02499c443f2495f07","id":"rtb-02499c443f2495f07","owner_id":"340752798936","propagating_vgws":[],"region":"us-east-1","route":[{"carrier_gateway_id":"","cidr_block":"0.0.0.0/0","core_network_arn":"","destination_prefix_list_id":"","egress_only_gateway_id":"","gateway_id":"","ipv6_cidr_block":"","local_gateway_id":"","nat_gateway_id":"nat-07e2f5684a3298e79","network_interface_id":"","transit_gateway_id":"","vpc_endpoint_id":"","vpc_peering_connection_id":""},{"carrier_gateway_id":"","cidr_block":"10.0.0.0/16","core_network_arn":"","destination_prefix_list_id":"","egress_only_gateway_id":"","gateway_id":"","ipv6_cidr_block":"","local_gateway_id":"","nat_gateway_id":"","network_interface_id":"","transit_gateway_id":"","vpc_endpoint_id":"","vpc_peering_connection_id":"pcx-05afe876cf31df87b"}],"tags":{"Name":"jmccoytesting-rt-private-a","Project":"tofu-learning","Tier":"private"},"tags_all":{"Name":"jmccoytesting-rt-private-a","Project":"tofu-learning","Tier":"private"},"timeouts":null,"vpc_id":"vpc-0ffca7cd4f84dccd0"},"sensitive_attributes":[],"private":"eyJlMmJmYjczMC1lY2FhLTExZTYtOGY4OC0zNDM2M2JjN2M0YzAiOnsiY3JlYXRlIjozMDAwMDAwMDAwMDAsImRlbGV0ZSI6MzAwMDAwMDAwMDAwLCJ1cGRhdGUiOjEyMDAwMDAwMDAwMH19","dependencies":["module.networking.aws_vpc.jmccoytesting_opentofu_vpc"]}]},{"module":"module.networking","mode":"managed","type":"aws_route_table","name":"jmccoytesting_private_b","provider":"provider[\"registry.opentofu.org/hashicorp/aws\"]","instances":[{"schema_version":0,"attributes":{"arn":"arn:aws:ec2:us-east-1:340752798936:route-table/rtb-0b386b719b678129e","id":"rtb-0b386b719b678129e","owner_id":"340752798936","propagating_vgws":[],"region":"us-east-1","route":[{"carrier_gateway_id":"","cidr_block":"0.0.0.0/0","core_network_arn":"","destination_prefix_list_id":"","egress_only_gateway_id":"","gateway_id":"","ipv6_cidr_block":"","local_gateway_id":"","nat_gateway_id":"nat-014fdf97d70c0624c","network_interface_id":"","transit_gateway_id":"","vpc_endpoint_id":"","vpc_peering_connection_id":""},{"carrier_gateway_id":"","cidr_block":"10.0.0.0/16","core_network_arn":"","destination_prefix_list_id":"","egress_only_gateway_id":"","gateway_id":"","ipv6_cidr_block":"","local_gateway_id":"","nat_gateway_id":"","network_interface_id":"","transit_gateway_id":"","vpc_endpoint_id":"","vpc_peering_connection_id":"pcx-05afe876cf31df87b"}],"tags":{"Name":"jmccoytesting-rt-private-b","Project":"tofu-learning","Tier":"private"},"tags_all":{"Name":"jmccoytesting-rt-private-b","Project":"tofu-learning","Tier":"private"},"timeouts":null,"vpc_id":"vpc-0ffca7cd4f84dccd0"},"sensitive_attributes":[],"private":"eyJlMmJmYjczMC1lY2FhLTExZTYtOGY4OC0zNDM2M2JjN2M0YzAiOnsiY3JlYXRlIjozMDAwMDAwMDAwMDAsImRlbGV0ZSI6MzAwMDAwMDAwMDAwLCJ1cGRhdGUiOjEyMDAwMDAwMDAwMH19","dependencies":["module.networking.aws_vpc.jmccoytesting_opentofu_vpc"]}]},{"module":"module.networking","mode":"managed","type":"aws_route_table","name":"jmccoytesting_public","provider":"provider[\"registry.opentofu.org/hashicorp/aws\"]","instances":[{"schema_version":0,"attributes":{"arn":"arn:aws:ec2:us-east-1:340752798936:route-table/rtb-02a3c478036bb0bf9","id":"rtb-02a3c478036bb0bf9","owner_id":"340752798936","propagating_vgws":[],"region":"us-east-1","route":[{"carrier_gateway_id":"","cidr_block":"0.0.0.0/0","core_network_arn":"","destination_prefix_list_id":"","egress_only_gateway_id":"","gateway_id":"igw-01fbeec90c24317eb","ipv6_cidr_block":"","local_gateway_id":"","nat_gateway_id":"","network_interface_id":"","transit_gateway_id":"","vpc_endpoint_id":"","vpc_peering_connection_id":""}],"tags":{"Name":"jmccoytesting-rt-public","Project":"tofu-learning","Tier":"public"},"tags_all":{"Name":"jmccoytesting-rt-public","Project":"tofu-learning","Tier":"public"},"timeouts":null,"vpc_id":"vpc-0ffca7cd4f84dccd0"},"sensitive_attributes":[],"private":"eyJlMmJmYjczMC1lY2FhLTExZTYtOGY4OC0zNDM2M2JjN2M0YzAiOnsiY3JlYXRlIjozMDAwMDAwMDAwMDAsImRlbGV0ZSI6MzAwMDAwMDAwMDAwLCJ1cGRhdGUiOjEyMDAwMDAwMDAwMH19","dependencies":["module.networking.aws_vpc.jmccoytesting_opentofu_vpc"]}]},{"module":"module.networking","mode":"managed","type":"aws_route_table_association","name":"jmccoytesting_private_assoc_a","provider":"provider[\"registry.opentofu.org/hashicorp/aws\"]","instances":[{"schema_version":0,"attributes":{"gateway_id":"","id":"rtbassoc-0fd68370855900475","region":"us-east-1","route_table_id":"rtb-02499c443f2495f07","subnet_id":"subnet-005072ecb6d56b533","timeouts":null},"sensitive_attributes":[],"private":"eyJlMmJmYjczMC1lY2FhLTExZTYtOGY4OC0zNDM2M2JjN2M0YzAiOnsiY3JlYXRlIjozMDAwMDAwMDAwMDAsImRlbGV0ZSI6MzAwMDAwMDAwMDAwLCJ1cGRhdGUiOjEyMDAwMDAwMDAwMH19","dependencies":["module.networking.aws_route_table.jmccoytesting_private_a","module.networking.aws_subnet.jmccoytesting_privatesubnet_a","module.networking.aws_vpc.jmccoytesting_opentofu_vpc","module.networking.data.aws_availability_zones.standard"]}]},{"module":"module.networking","mode":"managed","type":"aws_route_table_association","name":"jmccoytesting_private_assoc_b","provider":"provider[\"registry.opentofu.org/hashicorp/aws\"]","instances":[{"schema_version":0,"attributes":{"gateway_id":"","id":"rtbassoc-06ff5552ca6f2d704","region":"us-east-1","route_table_id":"rtb-0b386b719b678129e","subnet_id":"subnet-009b277f628ed7fb7","timeouts":null},"sensitive_attributes":[],"private":"eyJlMmJmYjczMC1lY2FhLTExZTYtOGY4OC0zNDM2M2JjN2M0YzAiOnsiY3JlYXRlIjozMDAwMDAwMDAwMDAsImRlbGV0ZSI6MzAwMDAwMDAwMDAwLCJ1cGRhdGUiOjEyMDAwMDAwMDAwMH19","dependencies":["module.networking.aws_route_table.jmccoytesting_private_b","module.networking.aws_subnet.jmccoytesting_privatesubnet_b","module.networking.aws_vpc.jmccoytesting_opentofu_vpc","module.networking.data.aws_availability_zones.standard"]}]},{"module":"module.networking","mode":"managed","type":"aws_route_table_association","name":"jmccoytesting_public_a","provider":"provider[\"registry.opentofu.org/hashicorp/aws\"]","instances":[{"schema_version":0,"attributes":{"gateway_id":"","id":"rtbassoc-0b2dbd7a76add91d5","region":"us-east-1","route_table_id":"rtb-02a3c478036bb0bf9","subnet_id":"subnet-02a393a24c0b00419","timeouts":null},"sensitive_attributes":[],"private":"eyJlMmJmYjczMC1lY2FhLTExZTYtOGY4OC0zNDM2M2JjN2M0YzAiOnsiY3JlYXRlIjozMDAwMDAwMDAwMDAsImRlbGV0ZSI6MzAwMDAwMDAwMDAwLCJ1cGRhdGUiOjEyMDAwMDAwMDAwMH19","dependencies":["module.networking.aws_route_table.jmccoytesting_public","module.networking.aws_subnet.jmccoytesting_publicsubnet_a","module.networking.aws_vpc.jmccoytesting_opentofu_vpc","module.networking.data.aws_availability_zones.standard"]}]},{"module":"module.networking","mode":"managed","type":"aws_route_table_association","name":"jmccoytesting_public_b","provider":"provider[\"registry.opentofu.org/hashicorp/aws\"]","instances":[{"schema_version":0,"attributes":{"gateway_id":"","id":"rtbassoc-064d633afa50e43ca","region":"us-east-1","route_table_id":"rtb-02a3c478036bb0bf9","subnet_id":"subnet-0100b560671330bcc","timeouts":null},"sensitive_attributes":[],"private":"eyJlMmJmYjczMC1lY2FhLTExZTYtOGY4OC0zNDM2M2JjN2M0YzAiOnsiY3JlYXRlIjozMDAwMDAwMDAwMDAsImRlbGV0ZSI6MzAwMDAwMDAwMDAwLCJ1cGRhdGUiOjEyMDAwMDAwMDAwMH19","dependencies":["module.networking.aws_route_table.jmccoytesting_public","module.networking.aws_subnet.jmccoytesting_publicsubnet_b","module.networking.aws_vpc.jmccoytesting_opentofu_vpc","module.networking.data.aws_availability_zones.standard"]}]},{"module":"module.networking","mode":"managed","type":"aws_security_group","name":"jmccoytesting_ssm_sg","provider":"provider[\"registry.opentofu.org/hashicorp/aws\"]","instances":[{"schema_version":1,"attributes":{"arn":"arn:aws:ec2:us-east-1:340752798936:security-group/sg-018cd38ea1ab27ee7","description":"Allow 443 from private subnets to SSM interface endpoints","egress":[{"cidr_blocks":["0.0.0.0/0"],"description":"All egress","from_port":0,"ipv6_cidr_blocks":[],"prefix_list_ids":[],"protocol":"-1","security_groups":[],"self":false,"to_port":0}],"id":"sg-018cd38ea1ab27ee7","ingress":[{"cidr_blocks":["10.67.0.0/16"],"description":"HTTPS from private subnets","from_port":443,"ipv6_cidr_blocks":[],"prefix_list_ids":[],"protocol":"tcp","security_groups":[],"self":false,"to_port":443}],"name":"jmccoytesting-ssm-sg","name_prefix":"","owner_id":"340752798936","region":"us-east-1","revoke_rules_on_delete":false,"tags":{"Name":"jmccoytesting-ssm-sg","Project":"tofu-learning"},"tags_all":{"Name":"jmccoytesting-ssm-sg","Project":"tofu-learning"},"timeouts":null,"vpc_id":"vpc-0ffca7cd4f84dccd0"},"sensitive_attributes":[],"private":"eyJlMmJmYjczMC1lY2FhLTExZTYtOGY4OC0zNDM2M2JjN2M0YzAiOnsiY3JlYXRlIjo2MDAwMDAwMDAwMDAsImRlbGV0ZSI6OTAwMDAwMDAwMDAwfSwic2NoZW1hX3ZlcnNpb24iOiIxIn0=","dependencies":["module.networking.aws_vpc.jmccoytesting_opentofu_vpc"]}]},{"module":"module.networking","mode":"managed","type":"aws_subnet","name":"jmccoytesting_privatesubnet_a","provider":"provider[\"registry.opentofu.org/hashicorp/aws\"]","instances":[{"schema_version":1,"attributes":{"arn":"arn:aws:ec2:us-east-1:340752798936:subnet/subnet-005072ecb6d56b533","assign_ipv6_address_on_creation":false,"availability_zone":"us-east-1a","availability_zone_id":"use1-az1","cidr_block":"10.67.0.0/23","customer_owned_ipv4_pool":"","enable_dns64":false,"enable_lni_at_device_index":0,"enable_resource_name_dns_a_record_on_launch":false,"enable_resource_name_dns_aaaa_record_on_launch":false,"id":"subnet-005072ecb6d56b533","ipv6_cidr_block":"","ipv6_cidr_block_association_id":"","ipv6_native":false,"map_customer_owned_ip_on_launch":false,"map_public_ip_on_launch":false,"outpost_arn":"","owner_id":"340752798936","private_dns_hostname_type_on_launch":"ip-name","region":"us-east-1","tags":{"Name":"jmccoytesting-privatesubnet-a","Project":"tofu-learning","Tier":"private"},"tags_all":{"Name":"jmccoytesting-privatesubnet-a","Project":"tofu-learning","Tier":"private"},"timeouts":null,"vpc_id":"vpc-0ffca7cd4f84dccd0"},"sensitive_attributes":[],"private":"eyJlMmJmYjczMC1lY2FhLTExZTYtOGY4OC0zNDM2M2JjN2M0YzAiOnsiY3JlYXRlIjo2MDAwMDAwMDAwMDAsImRlbGV0ZSI6MTIwMDAwMDAwMDAwMH0sInNjaGVtYV92ZXJzaW9uIjoiMSJ9","dependencies":["module.networking.aws_vpc.jmccoytesting_opentofu_vpc","module.networking.data.aws_availability_zones.standard"]}]},{"module":"module.networking","mode":"managed","type":"aws_subnet","name":"jmccoytesting_privatesubnet_b","provider":"provider[\"registry.opentofu.org/hashicorp/aws\"]","instances":[{"schema_version":1,"attributes":{"arn":"arn:aws:ec2:us-east-1:340752798936:subnet/subnet-009b277f628ed7fb7","assign_ipv6_address_on_creation":false,"availability_zone":"us-east-1b","availability_zone_id":"use1-az2","cidr_block":"10.67.2.0/23","customer_owned_ipv4_pool":"","enable_dns64":false,"enable_lni_at_device_index":0,"enable_resource_name_dns_a_record_on_launch":false,"enable_resource_name_dns_aaaa_record_on_launch":false,"id":"subnet-009b277f628ed7fb7","ipv6_cidr_block":"","ipv6_cidr_block_association_id":"","ipv6_native":false,"map_customer_owned_ip_on_launch":false,"map_public_ip_on_launch":false,"outpost_arn":"","owner_id":"340752798936","private_dns_hostname_type_on_launch":"ip-name","region":"us-east-1","tags":{"Name":"jmccoytesting-privatesubnet-b","Project":"tofu-learning","Tier":"private"},"tags_all":{"Name":"jmccoytesting-privatesubnet-b","Project":"tofu-learning","Tier":"private"},"timeouts":null,"vpc_id":"vpc-0ffca7cd4f84dccd0"},"sensitive_attributes":[],"private":"eyJlMmJmYjczMC1lY2FhLTExZTYtOGY4OC0zNDM2M2JjN2M0YzAiOnsiY3JlYXRlIjo2MDAwMDAwMDAwMDAsImRlbGV0ZSI6MTIwMDAwMDAwMDAwMH0sInNjaGVtYV92ZXJzaW9uIjoiMSJ9","dependencies":["module.networking.aws_vpc.jmccoytesting_opentofu_vpc","module.networking.data.aws_availability_zones.standard"]}]},{"module":"module.networking","mode":"managed","type":"aws_subnet","name":"jmccoytesting_publicsubnet_a","provider":"provider[\"registry.opentofu.org/hashicorp/aws\"]","instances":[{"schema_version":1,"attributes":{"arn":"arn:aws:ec2:us-east-1:340752798936:subnet/subnet-02a393a24c0b00419","assign_ipv6_address_on_creation":false,"availability_zone":"us-east-1a","availability_zone_id":"use1-az1","cidr_block":"10.67.4.0/23","customer_owned_ipv4_pool":"","enable_dns64":false,"enable_lni_at_device_index":0,"enable_resource_name_dns_a_record_on_launch":false,"enable_resource_name_dns_aaaa_record_on_launch":false,"id":"subnet-02a393a24c0b00419","ipv6_cidr_block":"","ipv6_cidr_block_association_id":"","ipv6_native":false,"map_customer_owned_ip_on_launch":false,"map_public_ip_on_launch":true,"outpost_arn":"","owner_id":"340752798936","private_dns_hostname_type_on_launch":"ip-name","region":"us-east-1","tags":{"Name":"jmccoytesting-publicsubnet-a","Project":"tofu-learning","Tier":"public"},"tags_all":{"Name":"jmccoytesting-publicsubnet-a","Project":"tofu-learning","Tier":"public"},"timeouts":null,"vpc_id":"vpc-0ffca7cd4f84dccd0"},"sensitive_attributes":[],"private":"eyJlMmJmYjczMC1lY2FhLTExZTYtOGY4OC0zNDM2M2JjN2M0YzAiOnsiY3JlYXRlIjo2MDAwMDAwMDAwMDAsImRlbGV0ZSI6MTIwMDAwMDAwMDAwMH0sInNjaGVtYV92ZXJzaW9uIjoiMSJ9","dependencies":["module.networking.aws_vpc.jmccoytesting_opentofu_vpc","module.networking.data.aws_availability_zones.standard"]}]},{"module":"module.networking","mode":"managed","type":"aws_subnet","name":"jmccoytesting_publicsubnet_b","provider":"provider[\"registry.opentofu.org/hashicorp/aws\"]","instances":[{"schema_version":1,"attributes":{"arn":"arn:aws:ec2:us-east-1:340752798936:subnet/subnet-0100b560671330bcc","assign_ipv6_address_on_creation":false,"availability_zone":"us-east-1b","availability_zone_id":"use1-az2","cidr_block":"10.67.6.0/23","customer_owned_ipv4_pool":"","enable_dns64":false,"enable_lni_at_device_index":0,"enable_resource_name_dns_a_record_on_launch":false,"enable_resource_name_dns_aaaa_record_on_launch":false,"id":"subnet-0100b560671330bcc","ipv6_cidr_block":"","ipv6_cidr_block_association_id":"","ipv6_native":false,"map_customer_owned_ip_on_launch":false,"map_public_ip_on_launch":true,"outpost_arn":"","owner_id":"340752798936","private_dns_hostname_type_on_launch":"ip-name","region":"us-east-1","tags":{"Name":"jmccoytesting-publicsubnet-b","Project":"tofu-learning","Tier":"public"},"tags_all":{"Name":"jmccoytesting-publicsubnet-b","Project":"tofu-learning","Tier":"public"},"timeouts":null,"vpc_id":"vpc-0ffca7cd4f84dccd0"},"sensitive_attributes":[],"private":"eyJlMmJmYjczMC1lY2FhLTExZTYtOGY4OC0zNDM2M2JjN2M0YzAiOnsiY3JlYXRlIjo2MDAwMDAwMDAwMDAsImRlbGV0ZSI6MTIwMDAwMDAwMDAwMH0sInNjaGVtYV92ZXJzaW9uIjoiMSJ9","dependencies":["module.networking.aws_vpc.jmccoytesting_opentofu_vpc","module.networking.data.aws_availability_zones.standard"]}]},{"module":"module.networking","mode":"managed","type":"aws_vpc","name":"jmccoytesting_opentofu_vpc","provider":"provider[\"registry.opentofu.org/hashicorp/aws\"]","instances":[{"schema_version":1,"attributes":{"arn":"arn:aws:ec2:us-east-1:340752798936:vpc/vpc-0ffca7cd4f84dccd0","assign_generated_ipv6_cidr_block":false,"cidr_block":"10.67.0.0/16","default_network_acl_id":"acl-0c2476d4c46612c73","default_route_table_id":"rtb-0b57d0cd95ab106d9","default_security_group_id":"sg-08dc2aaf31fccac2e","dhcp_options_id":"dopt-0fd5c7c53b6a446ef","enable_dns_hostnames":true,"enable_dns_support":true,"enable_network_address_usage_metrics":false,"id":"vpc-0ffca7cd4f84dccd0","instance_tenancy":"default","ipv4_ipam_pool_id":null,"ipv4_netmask_length":null,"ipv6_association_id":"","ipv6_cidr_block":"","ipv6_cidr_block_network_border_group":"","ipv6_ipam_pool_id":"","ipv6_netmask_length":0,"main_route_table_id":"rtb-0b57d0cd95ab106d9","owner_id":"340752798936","region":"us-east-1","tags":{"Name":"jmccoytesting_opentofu_vpc","Project":"tofu-learning"},"tags_all":{"Name":"jmccoytesting_opentofu_vpc","Project":"tofu-learning"}},"sensitive_attributes":[],"private":"eyJzY2hlbWFfdmVyc2lvbiI6IjEifQ=="}]},{"module":"module.networking","mode":"managed","type":"aws_vpc_dhcp_options","name":"jmccoytesting_dhcp","provider":"provider[\"registry.opentofu.org/hashicorp/aws\"]","instances":[{"schema_version":0,"attributes":{"arn":"arn:aws:ec2:us-east-1:340752798936:dhcp-options/dopt-0fd5c7c53b6a446ef","domain_name":"internal.testing.com","domain_name_servers":["AmazonProvidedDNS"],"id":"dopt-0fd5c7c53b6a446ef","ipv6_address_preferred_lease_time":"","netbios_name_servers":[],"netbios_node_type":"","ntp_servers":[],"owner_id":"340752798936","region":"us-east-1","tags":{"Name":"jmccoytesting-dhcp","Project":"tofu-learning"},"tags_all":{"Name":"jmccoytesting-dhcp","Project":"tofu-learning"}},"sensitive_attributes":[],"private":"bnVsbA=="}]},{"module":"module.networking","mode":"managed","type":"aws_vpc_dhcp_options_association","name":"jmccoytesting_dhcp_assoc","provider":"provider[\"registry.opentofu.org/hashicorp/aws\"]","instances":[{"schema_version":0,"attributes":{"dhcp_options_id":"dopt-0fd5c7c53b6a446ef","id":"dopt-0fd5c7c53b6a446ef-vpc-0ffca7cd4f84dccd0","region":"us-east-1","vpc_id":"vpc-0ffca7cd4f84dccd0"},"sensitive_attributes":[],"private":"bnVsbA==","dependencies":["module.networking.aws_vpc.jmccoytesting_opentofu_vpc","module.networking.aws_vpc_dhcp_options.jmccoytesting_dhcp"]}]},{"module":"module.networking","mode":"managed","type":"aws_vpc_endpoint","name":"jmccoytesting_ec2messages","provider":"provider[\"registry.opentofu.org/hashicorp/aws\"]","instances":[{"schema_version":0,"attributes":{"arn":"arn:aws:ec2:us-east-1:340752798936:vpc-endpoint/vpce-0c414a680a005c07e","auto_accept":null,"cidr_blocks":[],"dns_entry":[{"dns_name":"vpce-0c414a680a005c07e-b0yct4s7.ec2messages.us-east-1.vpce.amazonaws.com","hosted_zone_id":"Z7HUB22UULQXV"},{"dns_name":"vpce-0c414a680a005c07e-b0yct4s7-us-east-1a.ec2messages.us-east-1.vpce.amazonaws.com","hosted_zone_id":"Z7HUB22UULQXV"},{"dns_name":"vpce-0c414a680a005c07e-b0yct4s7-us-east-1b.ec2messages.us-east-1.vpce.amazonaws.com","hosted_zone_id":"Z7HUB22UULQXV"},{"dns_name":"ec2messages.us-east-1.amazonaws.com","hosted_zone_id":"Z08389952CNNF35XX7HV1"}],"dns_options":[{"dns_record_ip_type":"ipv4","private_dns_only_for_inbound_resolver_endpoint":false}],"id":"vpce-0c414a680a005c07e","ip_address_type":"ipv4","network_interface_ids":["eni-0191f46df9f4314fc","eni-080d737b62f38fc7f"],"owner_id":"340752798936","policy":"{\"Statement\":[{\"Action\":\"*\",\"Effect\":\"Allow\",\"Principal\":\"*\",\"Resource\":\"*\"}]}","prefix_list_id":null,"private_dns_enabled":true,"region":"us-east-1","requester_managed":false,"resource_configuration_arn":"","route_table_ids":[],"security_group_ids":["sg-018cd38ea1ab27ee7"],"service_name":"com.amazonaws.us-east-1.ec2messages","service_network_arn":"","service_region":"us-east-1","state":"available","subnet_configuration":[{"ipv4":"10.67.0.186","ipv6":"","subnet_id":"subnet-005072ecb6d56b533"},{"ipv4":"10.67.2.188","ipv6":"","subnet_id":"subnet-009b277f628ed7fb7"}],"subnet_ids":["subnet-005072ecb6d56b533","subnet-009b277f628ed7fb7"],"tags":{"Name":"jmccoytesting-ec2messages","Project":"tofu-learning"},"tags_all":{"Name":"jmccoytesting-ec2messages","Project":"tofu-learning"},"timeouts":null,"vpc_endpoint_type":"Interface","vpc_id":"vpc-0ffca7cd4f84dccd0"},"sensitive_attributes":[],"private":"eyJlMmJmYjczMC1lY2FhLTExZTYtOGY4OC0zNDM2M2JjN2M0YzAiOnsiY3JlYXRlIjo2MDAwMDAwMDAwMDAsImRlbGV0ZSI6NjAwMDAwMDAwMDAwLCJ1cGRhdGUiOjYwMDAwMDAwMDAwMH19","dependencies":["module.networking.aws_security_group.jmccoytesting_ssm_sg","module.networking.aws_subnet.jmccoytesting_privatesubnet_a","module.networking.aws_subnet.jmccoytesting_privatesubnet_b","module.networking.aws_vpc.jmccoytesting_opentofu_vpc","module.networking.data.aws_availability_zones.standard","module.networking.data.aws_region.current"]}]},{"module":"module.networking","mode":"managed","type":"aws_vpc_endpoint","name":"jmccoytesting_s3","provider":"provider[\"registry.opentofu.org/hashicorp/aws\"]","instances":[{"schema_version":0,"attributes":{"arn":"arn:aws:ec2:us-east-1:340752798936:vpc-endpoint/vpce-0a25badb0603fec95","auto_accept":null,"cidr_blocks":["16.15.176.0/20","16.182.0.0/16","18.34.0.0/19","52.216.0.0/15","54.231.0.0/16","3.5.0.0/19","18.34.232.0/21","16.15.192.0/18"],"dns_entry":[],"dns_options":[],"id":"vpce-0a25badb0603fec95","ip_address_type":"","network_interface_ids":[],"owner_id":"340752798936","policy":"{\"Statement\":[{\"Action\":\"*\",\"Effect\":\"Allow\",\"Principal\":\"*\",\"Resource\":\"*\"}],\"Version\":\"2008-10-17\"}","prefix_list_id":"pl-63a5400a","private_dns_enabled":false,"region":"us-east-1","requester_managed":false,"resource_configuration_arn":"","route_table_ids":["rtb-02499c443f2495f07","rtb-0b386b719b678129e"],"security_group_ids":[],"service_name":"com.amazonaws.us-east-1.s3","service_network_arn":"","service_region":"us-east-1","state":"available","subnet_configuration":[],"subnet_ids":[],"tags":{"Name":"jmccoytesting-s3","Project":"tofu-learning"},"tags_all":{"Name":"jmccoytesting-s3","Project":"tofu-learning"},"timeouts":null,"vpc_endpoint_type":"Gateway","vpc_id":"vpc-0ffca7cd4f84dccd0"},"sensitive_attributes":[],"private":"eyJlMmJmYjczMC1lY2FhLTExZTYtOGY4OC0zNDM2M2JjN2M0YzAiOnsiY3JlYXRlIjo2MDAwMDAwMDAwMDAsImRlbGV0ZSI6NjAwMDAwMDAwMDAwLCJ1cGRhdGUiOjYwMDAwMDAwMDAwMH19","dependencies":["module.networking.aws_route_table.jmccoytesting_private_a","module.networking.aws_route_table.jmccoytesting_private_b","module.networking.aws_vpc.jmccoytesting_opentofu_vpc","module.networking.data.aws_region.current"]}]},{"module":"module.networking","mode":"managed","type":"aws_vpc_endpoint","name":"jmccoytesting_ssm","provider":"provider[\"registry.opentofu.org/hashicorp/aws\"]","instances":[{"schema_version":0,"attributes":{"arn":"arn:aws:ec2:us-east-1:340752798936:vpc-endpoint/vpce-077956b32279b2097","auto_accept":null,"cidr_blocks":[],"dns_entry":[{"dns_name":"vpce-077956b32279b2097-tthh3lek.ssm.us-east-1.vpce.amazonaws.com","hosted_zone_id":"Z7HUB22UULQXV"},{"dns_name":"vpce-077956b32279b2097-tthh3lek-us-east-1a.ssm.us-east-1.vpce.amazonaws.com","hosted_zone_id":"Z7HUB22UULQXV"},{"dns_name":"vpce-077956b32279b2097-tthh3lek-us-east-1b.ssm.us-east-1.vpce.amazonaws.com","hosted_zone_id":"Z7HUB22UULQXV"},{"dns_name":"ssm.us-east-1.amazonaws.com","hosted_zone_id":"Z09724488ES98DZ8392J"},{"dns_name":"ssm.us-east-1.api.aws","hosted_zone_id":"Z09729221R6XSS1X8R8RH"}],"dns_options":[{"dns_record_ip_type":"ipv4","private_dns_only_for_inbound_resolver_endpoint":false}],"id":"vpce-077956b32279b2097","ip_address_type":"ipv4","network_interface_ids":["eni-085a012b6305f0e1e","eni-0958499c1ee6ca23f"],"owner_id":"340752798936","policy":"{\"Statement\":[{\"Action\":\"*\",\"Effect\":\"Allow\",\"Principal\":\"*\",\"Resource\":\"*\"}]}","prefix_list_id":null,"private_dns_enabled":true,"region":"us-east-1","requester_managed":false,"resource_configuration_arn":"","route_table_ids":[],"security_group_ids":["sg-018cd38ea1ab27ee7"],"service_name":"com.amazonaws.us-east-1.ssm","service_network_arn":"","service_region":"us-east-1","state":"available","subnet_configuration":[{"ipv4":"10.67.0.31","ipv6":"","subnet_id":"subnet-005072ecb6d56b533"},{"ipv4":"10.67.3.183","ipv6":"","subnet_id":"subnet-009b277f628ed7fb7"}],"subnet_ids":["subnet-005072ecb6d56b533","subnet-009b277f628ed7fb7"],"tags":{"Name":"jmccoytesting-ssm","Project":"tofu-learning"},"tags_all":{"Name":"jmccoytesting-ssm","Project":"tofu-learning"},"timeouts":null,"vpc_endpoint_type":"Interface","vpc_id":"vpc-0ffca7cd4f84dccd0"},"sensitive_attributes":[],"private":"eyJlMmJmYjczMC1lY2FhLTExZTYtOGY4OC0zNDM2M2JjN2M0YzAiOnsiY3JlYXRlIjo2MDAwMDAwMDAwMDAsImRlbGV0ZSI6NjAwMDAwMDAwMDAwLCJ1cGRhdGUiOjYwMDAwMDAwMDAwMH19","dependencies":["module.networking.aws_security_group.jmccoytesting_ssm_sg","module.networking.aws_subnet.jmccoytesting_privatesubnet_a","module.networking.aws_subnet.jmccoytesting_privatesubnet_b","module.networking.aws_vpc.jmccoytesting_opentofu_vpc","module.networking.data.aws_availability_zones.standard","module.networking.data.aws_region.current"]}]},{"module":"module.networking","mode":"managed","type":"aws_vpc_endpoint","name":"jmccoytesting_ssmmessages","provider":"provider[\"registry.opentofu.org/hashicorp/aws\"]","instances":[{"schema_version":0,"attributes":{"arn":"arn:aws:ec2:us-east-1:340752798936:vpc-endpoint/vpce-0283bc6eef5867674","auto_accept":null,"cidr_blocks":[],"dns_entry":[{"dns_name":"vpce-0283bc6eef5867674-y6f9dqf8.ssmmessages.us-east-1.vpce.amazonaws.com","hosted_zone_id":"Z7HUB22UULQXV"},{"dns_name":"vpce-0283bc6eef5867674-y6f9dqf8-us-east-1b.ssmmessages.us-east-1.vpce.amazonaws.com","hosted_zone_id":"Z7HUB22UULQXV"},{"dns_name":"vpce-0283bc6eef5867674-y6f9dqf8-us-east-1a.ssmmessages.us-east-1.vpce.amazonaws.com","hosted_zone_id":"Z7HUB22UULQXV"},{"dns_name":"ssmmessages.us-east-1.amazonaws.com","hosted_zone_id":"Z09675621RQZ06JANYVZO"}],"dns_options":[{"dns_record_ip_type":"ipv4","private_dns_only_for_inbound_resolver_endpoint":false}],"id":"vpce-0283bc6eef5867674","ip_address_type":"ipv4","network_interface_ids":["eni-0847b93c0eeb2c235","eni-093d7d6bb3b517160"],"owner_id":"340752798936","policy":"{\"Statement\":[{\"Action\":\"*\",\"Effect\":\"Allow\",\"Principal\":\"*\",\"Resource\":\"*\"}]}","prefix_list_id":null,"private_dns_enabled":true,"region":"us-east-1","requester_managed":false,"resource_configuration_arn":"","route_table_ids":[],"security_group_ids":["sg-018cd38ea1ab27ee7"],"service_name":"com.amazonaws.us-east-1.ssmmessages","service_network_arn":"","service_region":"us-east-1","state":"available","subnet_configuration":[{"ipv4":"10.67.1.110","ipv6":"","subnet_id":"subnet-005072ecb6d56b533"},{"ipv4":"10.67.3.6","ipv6":"","subnet_id":"subnet-009b277f628ed7fb7"}],"subnet_ids":["subnet-005072ecb6d56b533","subnet-009b277f628ed7fb7"],"tags":{"Name":"jmccoytesting-ssmmessages","Project":"tofu-learning"},"tags_all":{"Name":"jmccoytesting-ssmmessages","Project":"tofu-learning"},"timeouts":null,"vpc_endpoint_type":"Interface","vpc_id":"vpc-0ffca7cd4f84dccd0"},"sensitive_attributes":[],"private":"eyJlMmJmYjczMC1lY2FhLTExZTYtOGY4OC0zNDM2M2JjN2M0YzAiOnsiY3JlYXRlIjo2MDAwMDAwMDAwMDAsImRlbGV0ZSI6NjAwMDAwMDAwMDAwLCJ1cGRhdGUiOjYwMDAwMDAwMDAwMH19","dependencies":["module.networking.aws_security_group.jmccoytesting_ssm_sg","module.networking.aws_subnet.jmccoytesting_privatesubnet_a","module.networking.aws_subnet.jmccoytesting_privatesubnet_b","module.networking.aws_vpc.jmccoytesting_opentofu_vpc","module.networking.data.aws_availability_zones.standard","module.networking.data.aws_region.current"]}]},{"module":"module.networking","mode":"managed","type":"aws_vpc_peering_connection","name":"jmccoytesting_peer","provider":"provider[\"registry.opentofu.org/hashicorp/aws\"]","instances":[{"schema_version":0,"attributes":{"accept_status":"active","accepter":[{"allow_remote_vpc_dns_resolution":false}],"auto_accept":true,"id":"pcx-05afe876cf31df87b","peer_owner_id":"340752798936","peer_region":"us-east-1","peer_vpc_id":"vpc-031bfafccd6c753ed","region":"us-east-1","requester":[{"allow_remote_vpc_dns_resolution":false}],"tags":{"Name":"peer-vpc-0ffca7cd4f84dccd0-\u003evpc-031bfafccd6c753ed","Project":"tofu-learning"},"tags_all":{"Name":"peer-vpc-0ffca7cd4f84dccd0-\u003evpc-031bfafccd6c753ed","Project":"tofu-learning"},"timeouts":null,"vpc_id":"vpc-0ffca7cd4f84dccd0"},"sensitive_attributes":[],"private":"eyJlMmJmYjczMC1lY2FhLTExZTYtOGY4OC0zNDM2M2JjN2M0YzAiOnsiY3JlYXRlIjo2MDAwMDAwMDAwMCwiZGVsZXRlIjo2MDAwMDAwMDAwMCwidXBkYXRlIjo2MDAwMDAwMDAwMH19","dependencies":["module.networking.aws_vpc.jmccoytesting_opentofu_vpc"]}]},{"module":"module.networking","mode":"managed","type":"aws_vpc_peering_connection_options","name":"jmccoytesting_peer_opt","provider":"provider[\"registry.opentofu.org/hashicorp/aws\"]","instances":[{"schema_version":0,"attributes":{"accepter":[{"allow_remote_vpc_dns_resolution":false}],"id":"pcx-05afe876cf31df87b","region":"us-east-1","requester":[{"allow_remote_vpc_dns_resolution":false}],"vpc_peering_connection_id":"pcx-05afe876cf31df87b"},"sensitive_attributes":[],"private":"bnVsbA==","dependencies":["module.networking.aws_vpc.jmccoytesting_opentofu_vpc","module.networking.aws_vpc_peering_connection.jmccoytesting_peer"]}]},{"module":"module.route53","mode":"managed","type":"aws_route53_resolver_endpoint","name":"jmccoytesting_outbound","provider":"provider[\"registry.opentofu.org/hashicorp/aws\"]","instances":[{"schema_version":0,"attributes":{"arn":"arn:aws:route53resolver:us-east-1:340752798936:resolver-endpoint/rslvr-out-1a00897c21e848a99","direction":"OUTBOUND","host_vpc_id":"vpc-0ffca7cd4f84dccd0","id":"rslvr-out-1a00897c21e848a99","ip_address":[{"ip":"10.67.0.43","ip_id":"rni-684b73ab5f8941c5a","ipv6":"","subnet_id":"subnet-005072ecb6d56b533"},{"ip":"10.67.2.229","ip_id":"rni-af751f4ada1d4c7aa","ipv6":"","subnet_id":"subnet-009b277f628ed7fb7"}],"name":"jmccoytesting-outbound-resolver","protocols":["Do53"],"region":"us-east-1","resolver_endpoint_type":"IPV4","security_group_ids":["sg-0c789e30420277063"],"tags":{},"tags_all":{},"timeouts":null},"sensitive_attributes":[],"private":"eyJlMmJmYjczMC1lY2FhLTExZTYtOGY4OC0zNDM2M2JjN2M0YzAiOnsiY3JlYXRlIjo2MDAwMDAwMDAwMDAsImRlbGV0ZSI6NjAwMDAwMDAwMDAwLCJ1cGRhdGUiOjYwMDAwMDAwMDAwMH19","dependencies":["module.networking.aws_subnet.jmccoytesting_privatesubnet_a","module.networking.aws_subnet.jmccoytesting_privatesubnet_b","module.networking.aws_vpc.jmccoytesting_opentofu_vpc","module.networking.data.aws_availability_zones.standard","module.route53.aws_security_group.resolver_outbound_sg"]}]},{"module":"module.route53","mode":"managed","type":"aws_route53_resolver_rule","name":"jmccoytesting_rslvrRule","provider":"provider[\"registry.opentofu.org/hashicorp/aws\"]","instances":[{"schema_version":0,"attributes":{"arn":"arn:aws:route53resolver:us-east-1:340752798936:resolver-rule/rslvr-rr-6c4adaffbba542518","domain_name":"internal.jmccoy.com","id":"rslvr-rr-6c4adaffbba542518","name":"jmccoytesting_rslvrRule","owner_id":"340752798936","region":"us-east-1","resolver_endpoint_id":"rslvr-out-1a00897c21e848a99","rule_type":"FORWARD","share_status":"NOT_SHARED","tags":{},"tags_all":{},"target_ip":[{"ip":"10.0.3.161","ipv6":"","port":53,"protocol":"Do53"},{"ip":"10.0.4.213","ipv6":"","port":53,"protocol":"Do53"}],"timeouts":null},"sensitive_attributes":[],"private":"eyJlMmJmYjczMC1lY2FhLTExZTYtOGY4OC0zNDM2M2JjN2M0YzAiOnsiY3JlYXRlIjo2MDAwMDAwMDAwMDAsImRlbGV0ZSI6NjAwMDAwMDAwMDAwLCJ1cGRhdGUiOjYwMDAwMDAwMDAwMH19","dependencies":["module.networking.aws_subnet.jmccoytesting_privatesubnet_a","module.networking.aws_subnet.jmccoytesting_privatesubnet_b","module.networking.aws_vpc.jmccoytesting_opentofu_vpc","module.networking.data.aws_availability_zones.standard","module.route53.aws_route53_resolver_endpoint.jmccoytesting_outbound","module.route53.aws_security_group.resolver_outbound_sg"]}]},{"module":"module.route53","mode":"managed","type":"aws_route53_resolver_rule_association","name":"fwd_assoc","provider":"provider[\"registry.opentofu.org/hashicorp/aws\"]","instances":[{"schema_version":0,"attributes":{"id":"rslvr-rrassoc-a6f7207e944e4dd5a","name":"","region":"us-east-1","resolver_rule_id":"rslvr-rr-6c4adaffbba542518","timeouts":null,"vpc_id":"vpc-0ffca7cd4f84dccd0"},"sensitive_attributes":[],"private":"eyJlMmJmYjczMC1lY2FhLTExZTYtOGY4OC0zNDM2M2JjN2M0YzAiOnsiY3JlYXRlIjo2MDAwMDAwMDAwMDAsImRlbGV0ZSI6NjAwMDAwMDAwMDAwfX0=","dependencies":["module.networking.aws_subnet.jmccoytesting_privatesubnet_a","module.networking.aws_subnet.jmccoytesting_privatesubnet_b","module.networking.aws_vpc.jmccoytesting_opentofu_vpc","module.networking.data.aws_availability_zones.standard","module.route53.aws_route53_resolver_endpoint.jmccoytesting_outbound","module.route53.aws_route53_resolver_rule.jmccoytesting_rslvrRule","module.route53.aws_security_group.resolver_outbound_sg"]}]},{"module":"module.route53","mode":"managed","type":"aws_security_group","name":"resolver_outbound_sg","provider":"provider[\"registry.opentofu.org/hashicorp/aws\"]","instances":[{"schema_version":1,"attributes":{"arn":"arn:aws:ec2:us-east-1:340752798936:security-group/sg-0c789e30420277063","description":"SG for Route 53 OUTBOUND resolver endpoint","egress":[{"cidr_blocks":["0.0.0.0/0"],"description":"Allow TCP 53 to allowed destinations","from_port":53,"ipv6_cidr_blocks":[],"prefix_list_ids":[],"protocol":"tcp","security_groups":[],"self":false,"to_port":53},{"cidr_blocks":["0.0.0.0/0"],"description":"Allow UDP 53 to allowed destinations","from_port":53,"ipv6_cidr_blocks":[],"prefix_list_ids":[],"protocol":"udp","security_groups":[],"self":false,"to_port":53}],"id":"sg-0c789e30420277063","ingress":[],"name":"resolver_outbound_sg","name_prefix":"","owner_id":"340752798936","region":"us-east-1","revoke_rules_on_delete":false,"tags":{},"tags_all":{},"timeouts":null,"vpc_id":"vpc-0ffca7cd4f84dccd0"},"sensitive_attributes":[],"private":"eyJlMmJmYjczMC1lY2FhLTExZTYtOGY4OC0zNDM2M2JjN2M0YzAiOnsiY3JlYXRlIjo2MDAwMDAwMDAwMDAsImRlbGV0ZSI6OTAwMDAwMDAwMDAwfSwic2NoZW1hX3ZlcnNpb24iOiIxIn0=","dependencies":["module.networking.aws_vpc.jmccoytesting_opentofu_vpc"]}]}],"check_results":null}
