{"version":4,"terraform_version":"1.10.6","serial":89,"lineage":"d0c2035c-59ba-24f4-14e4-ac585dbfa705","outputs":{},"resources":[{"module":"module.networking","mode":"data","type":"aws_availability_zones","name":"standard","provider":"provider[\"registry.opentofu.org/hashicorp/aws\"]","instances":[{"schema_version":0,"attributes":{"all_availability_zones":null,"exclude_names":null,"exclude_zone_ids":null,"filter":[{"name":"opt-in-status","values":["opt-in-not-required"]},{"name":"zone-type","values":["availability-zone"]}],"group_names":["us-east-1-zg-1"],"id":"us-east-1","names":["us-east-1a","us-east-1b","us-east-1c","us-east-1d","us-east-1e","us-east-1f"],"region":"us-east-1","state":"available","timeouts":null,"zone_ids":["use1-az1","use1-az2","use1-az4","use1-az6","use1-az3","use1-az5"]},"sensitive_attributes":[]}]},{"module":"module.networking","mode":"managed","type":"aws_subnet","name":"jmccoytesting_privatesubnet_a","provider":"provider[\"registry.opentofu.org/hashicorp/aws\"]","instances":[{"schema_version":1,"attributes":{"arn":"arn:aws:ec2:us-east-1:340752798936:subnet/subnet-005072ecb6d56b533","assign_ipv6_address_on_creation":false,"availability_zone":"us-east-1a","availability_zone_id":"use1-az1","cidr_block":"10.67.0.0/23","customer_owned_ipv4_pool":"","enable_dns64":false,"enable_lni_at_device_index":0,"enable_resource_name_dns_a_record_on_launch":false,"enable_resource_name_dns_aaaa_record_on_launch":false,"id":"subnet-005072ecb6d56b533","ipv6_cidr_block":"","ipv6_cidr_block_association_id":"","ipv6_native":false,"map_customer_owned_ip_on_launch":false,"map_public_ip_on_launch":false,"outpost_arn":"","owner_id":"340752798936","private_dns_hostname_type_on_launch":"ip-name","region":"us-east-1","tags":{"Name":"jmccoytesting-privatesubnet-a","Project":"tofu-learning","Tier":"private"},"tags_all":{"Name":"jmccoytesting-privatesubnet-a","Project":"tofu-learning","Tier":"private"},"timeouts":null,"vpc_id":"vpc-0ffca7cd4f84dccd0"},"sensitive_attributes":[],"private":"eyJlMmJmYjczMC1lY2FhLTExZTYtOGY4OC0zNDM2M2JjN2M0YzAiOnsiY3JlYXRlIjo2MDAwMDAwMDAwMDAsImRlbGV0ZSI6MTIwMDAwMDAwMDAwMH0sInNjaGVtYV92ZXJzaW9uIjoiMSJ9","dependencies":["module.networking.aws_vpc.jmccoytesting_opentofu_vpc","module.networking.data.aws_availability_zones.standard"]}]},{"module":"module.networking","mode":"managed","type":"aws_subnet","name":"jmccoytesting_privatesubnet_b","provider":"provider[\"registry.opentofu.org/hashicorp/aws\"]","instances":[{"schema_version":1,"attributes":{"arn":"arn:aws:ec2:us-east-1:340752798936:subnet/subnet-009b277f628ed7fb7","assign_ipv6_address_on_creation":false,"availability_zone":"us-east-1b","availability_zone_id":"use1-az2","cidr_block":"10.67.2.0/23","customer_owned_ipv4_pool":"","enable_dns64":false,"enable_lni_at_device_index":0,"enable_resource_name_dns_a_record_on_launch":false,"enable_resource_name_dns_aaaa_record_on_launch":false,"id":"subnet-009b277f628ed7fb7","ipv6_cidr_block":"","ipv6_cidr_block_association_id":"","ipv6_native":false,"map_customer_owned_ip_on_launch":false,"map_public_ip_on_launch":false,"outpost_arn":"","owner_id":"340752798936","private_dns_hostname_type_on_launch":"ip-name","region":"us-east-1","tags":{"Name":"jmccoytesting-privatesubnet-b","Project":"tofu-learning","Tier":"private"},"tags_all":{"Name":"jmccoytesting-privatesubnet-b","Project":"tofu-learning","Tier":"private"},"timeouts":null,"vpc_id":"vpc-0ffca7cd4f84dccd0"},"sensitive_attributes":[],"private":"eyJlMmJmYjczMC1lY2FhLTExZTYtOGY4OC0zNDM2M2JjN2M0YzAiOnsiY3JlYXRlIjo2MDAwMDAwMDAwMDAsImRlbGV0ZSI6MTIwMDAwMDAwMDAwMH0sInNjaGVtYV92ZXJzaW9uIjoiMSJ9","dependencies":["module.networking.aws_vpc.jmccoytesting_opentofu_vpc","module.networking.data.aws_availability_zones.standard"]}]},{"module":"module.networking","mode":"managed","type":"aws_vpc","name":"jmccoytesting_opentofu_vpc","provider":"provider[\"registry.opentofu.org/hashicorp/aws\"]","instances":[{"schema_version":1,"attributes":{"arn":"arn:aws:ec2:us-east-1:340752798936:vpc/vpc-0ffca7cd4f84dccd0","assign_generated_ipv6_cidr_block":false,"cidr_block":"10.67.0.0/16","default_network_acl_id":"acl-0c2476d4c46612c73","default_route_table_id":"rtb-0b57d0cd95ab106d9","default_security_group_id":"sg-08dc2aaf31fccac2e","dhcp_options_id":"dopt-0fd5c7c53b6a446ef","enable_dns_hostnames":true,"enable_dns_support":true,"enable_network_address_usage_metrics":false,"id":"vpc-0ffca7cd4f84dccd0","instance_tenancy":"default","ipv4_ipam_pool_id":null,"ipv4_netmask_length":null,"ipv6_association_id":"","ipv6_cidr_block":"","ipv6_cidr_block_network_border_group":"","ipv6_ipam_pool_id":"","ipv6_netmask_length":0,"main_route_table_id":"rtb-0b57d0cd95ab106d9","owner_id":"340752798936","region":"us-east-1","tags":{"Name":"jmccoytesting_opentofu_vpc","Project":"tofu-learning"},"tags_all":{"Name":"jmccoytesting_opentofu_vpc","Project":"tofu-learning"}},"sensitive_attributes":[],"private":"eyJzY2hlbWFfdmVyc2lvbiI6IjEifQ=="}]},{"module":"module.route53","mode":"managed","type":"aws_route53_resolver_endpoint","name":"jmccoytesting_outbound","provider":"provider[\"registry.opentofu.org/hashicorp/aws\"]","instances":[{"schema_version":0,"attributes":{"arn":"arn:aws:route53resolver:us-east-1:340752798936:resolver-endpoint/rslvr-out-1a00897c21e848a99","direction":"OUTBOUND","host_vpc_id":"vpc-0ffca7cd4f84dccd0","id":"rslvr-out-1a00897c21e848a99","ip_address":[{"ip":"10.67.0.43","ip_id":"rni-684b73ab5f8941c5a","ipv6":"","subnet_id":"subnet-005072ecb6d56b533"},{"ip":"10.67.2.229","ip_id":"rni-af751f4ada1d4c7aa","ipv6":"","subnet_id":"subnet-009b277f628ed7fb7"}],"name":"jmccoytesting-outbound-resolver","protocols":["Do53"],"region":"us-east-1","resolver_endpoint_type":"IPV4","security_group_ids":["sg-0c789e30420277063"],"tags":{},"tags_all":{},"timeouts":null},"sensitive_attributes":[],"private":"eyJlMmJmYjczMC1lY2FhLTExZTYtOGY4OC0zNDM2M2JjN2M0YzAiOnsiY3JlYXRlIjo2MDAwMDAwMDAwMDAsImRlbGV0ZSI6NjAwMDAwMDAwMDAwLCJ1cGRhdGUiOjYwMDAwMDAwMDAwMH19","dependencies":["module.networking.aws_subnet.jmccoytesting_privatesubnet_a","module.networking.aws_subnet.jmccoytesting_privatesubnet_b","module.networking.aws_vpc.jmccoytesting_opentofu_vpc","module.networking.data.aws_availability_zones.standard","module.route53.aws_security_group.resolver_outbound_sg"]}]},{"module":"module.route53","mode":"managed","type":"aws_route53_resolver_rule","name":"jmccoytesting_rslvrRule","provider":"provider[\"registry.opentofu.org/hashicorp/aws\"]","instances":[{"schema_version":0,"attributes":{"arn":"arn:aws:route53resolver:us-east-1:340752798936:resolver-rule/rslvr-rr-6c4adaffbba542518","domain_name":"internal.jmccoy.com","id":"rslvr-rr-6c4adaffbba542518","name":"jmccoytesting_rslvrRule","owner_id":"340752798936","region":"us-east-1","resolver_endpoint_id":"rslvr-out-1a00897c21e848a99","rule_type":"FORWARD","share_status":"NOT_SHARED","tags":{},"tags_all":{},"target_ip":[{"ip":"10.0.3.161","ipv6":"","port":53,"protocol":"Do53"},{"ip":"10.0.4.213","ipv6":"","port":53,"protocol":"Do53"}],"timeouts":null},"sensitive_attributes":[],"private":"eyJlMmJmYjczMC1lY2FhLTExZTYtOGY4OC0zNDM2M2JjN2M0YzAiOnsiY3JlYXRlIjo2MDAwMDAwMDAwMDAsImRlbGV0ZSI6NjAwMDAwMDAwMDAwLCJ1cGRhdGUiOjYwMDAwMDAwMDAwMH19","dependencies":["module.networking.aws_subnet.jmccoytesting_privatesubnet_a","module.networking.aws_subnet.jmccoytesting_privatesubnet_b","module.networking.aws_vpc.jmccoytesting_opentofu_vpc","module.networking.data.aws_availability_zones.standard","module.route53.aws_route53_resolver_endpoint.jmccoytesting_outbound","module.route53.aws_security_group.resolver_outbound_sg"]}]},{"module":"module.route53","mode":"managed","type":"aws_security_group","name":"resolver_outbound_sg","provider":"provider[\"registry.opentofu.org/hashicorp/aws\"]","instances":[{"schema_version":1,"attributes":{"arn":"arn:aws:ec2:us-east-1:340752798936:security-group/sg-0c789e30420277063","description":"SG for Route 53 OUTBOUND resolver endpoint","egress":[{"cidr_blocks":["0.0.0.0/0"],"description":"Allow TCP 53 to allowed destinations","from_port":53,"ipv6_cidr_blocks":[],"prefix_list_ids":[],"protocol":"tcp","security_groups":[],"self":false,"to_port":53},{"cidr_blocks":["0.0.0.0/0"],"description":"Allow UDP 53 to allowed destinations","from_port":53,"ipv6_cidr_blocks":[],"prefix_list_ids":[],"protocol":"udp","security_groups":[],"self":false,"to_port":53}],"id":"sg-0c789e30420277063","ingress":[{"cidr_blocks":["0.0.0.0/0"],"description":"","from_port":53,"ipv6_cidr_blocks":[],"prefix_list_ids":[],"protocol":"tcp","security_groups":[],"self":false,"to_port":53},{"cidr_blocks":["0.0.0.0/0"],"description":"","from_port":53,"ipv6_cidr_blocks":[],"prefix_list_ids":[],"protocol":"udp","security_groups":[],"self":false,"to_port":53}],"name":"resolver_outbound_sg","name_prefix":"","owner_id":"340752798936","region":"us-east-1","revoke_rules_on_delete":false,"tags":{},"tags_all":{},"timeouts":null,"vpc_id":"vpc-0ffca7cd4f84dccd0"},"sensitive_attributes":[],"private":"eyJlMmJmYjczMC1lY2FhLTExZTYtOGY4OC0zNDM2M2JjN2M0YzAiOnsiY3JlYXRlIjo2MDAwMDAwMDAwMDAsImRlbGV0ZSI6OTAwMDAwMDAwMDAwfSwic2NoZW1hX3ZlcnNpb24iOiIxIn0=","dependencies":["module.networking.aws_vpc.jmccoytesting_opentofu_vpc"]}]}],"check_results":null}
